// !$*UTF8*$!
{
	archiveVersion = 1;
	classes = {
	};
	objectVersion = 52;
	objects = {

/* Begin PBXBuildFile section */
		83019C6B26F7FD17005880B7 /* ScreenViewControllerTests.swift in Sources */ = {isa = PBXBuildFile; fileRef = 83019C6A26F7FD17005880B7 /* ScreenViewControllerTests.swift */; };
		83019C6C26F7FE2B005880B7 /* TestExtension.swift in Sources */ = {isa = PBXBuildFile; fileRef = 8370C10F26F1157E005FFBFC /* TestExtension.swift */; };
		83019C7426F80001005880B7 /* AppDelegate.swift in Sources */ = {isa = PBXBuildFile; fileRef = 83019C7326F80001005880B7 /* AppDelegate.swift */; };
		83019C7626F80001005880B7 /* SceneDelegate.swift in Sources */ = {isa = PBXBuildFile; fileRef = 83019C7526F80001005880B7 /* SceneDelegate.swift */; };
		83019C7826F80001005880B7 /* ViewController.swift in Sources */ = {isa = PBXBuildFile; fileRef = 83019C7726F80001005880B7 /* ViewController.swift */; };
		83019C7B26F80001005880B7 /* Main.storyboard in Resources */ = {isa = PBXBuildFile; fileRef = 83019C7926F80001005880B7 /* Main.storyboard */; };
		83019C7D26F80002005880B7 /* Assets.xcassets in Resources */ = {isa = PBXBuildFile; fileRef = 83019C7C26F80002005880B7 /* Assets.xcassets */; };
		83019C8026F80002005880B7 /* LaunchScreen.storyboard in Resources */ = {isa = PBXBuildFile; fileRef = 83019C7E26F80002005880B7 /* LaunchScreen.storyboard */; };
		83019C8B26F80003005880B7 /* MainTests.swift in Sources */ = {isa = PBXBuildFile; fileRef = 83019C8A26F80003005880B7 /* MainTests.swift */; };
		83481DA426F55E4D00DC2EC0 /* ScreenIntegrationTests.swift in Sources */ = {isa = PBXBuildFile; fileRef = 83481DA326F55E4D00DC2EC0 /* ScreenIntegrationTests.swift */; };
		83481DA926F55E5500DC2EC0 /* Data.framework in Frameworks */ = {isa = PBXBuildFile; fileRef = 8370C08226F10EF4005FFBFC /* Data.framework */; };
		83481DAA26F55E5500DC2EC0 /* Domain.framework in Frameworks */ = {isa = PBXBuildFile; fileRef = 8370C0A426F10F59005FFBFC /* Domain.framework */; };
		83481DAB26F55E5500DC2EC0 /* Infra.framework in Frameworks */ = {isa = PBXBuildFile; fileRef = 8370C0C726F111D7005FFBFC /* Infra.framework */; };
		83481DED26F5756800DC2EC0 /* Presentation.framework in Frameworks */ = {isa = PBXBuildFile; fileRef = 83481DE426F5756700DC2EC0 /* Presentation.framework */; };
		83481DFE26F575BA00DC2EC0 /* TestPresentationFactories.swift in Sources */ = {isa = PBXBuildFile; fileRef = 83481DD926F56E7900DC2EC0 /* TestPresentationFactories.swift */; };
		83481DFF26F575BE00DC2EC0 /* ScreenSpy.swift in Sources */ = {isa = PBXBuildFile; fileRef = 83481DD626F56DE700DC2EC0 /* ScreenSpy.swift */; };
		83481E0026F575D800DC2EC0 /* ScreenRequest.swift in Sources */ = {isa = PBXBuildFile; fileRef = 83481DDB26F56F0400DC2EC0 /* ScreenRequest.swift */; };
		83481E0126F575DA00DC2EC0 /* ScreenPresenter.swift in Sources */ = {isa = PBXBuildFile; fileRef = 83481DC926F56C2000DC2EC0 /* ScreenPresenter.swift */; };
		83481E0226F575DD00DC2EC0 /* DisplayScreen.swift in Sources */ = {isa = PBXBuildFile; fileRef = 83481DDD26F5708100DC2EC0 /* DisplayScreen.swift */; };
		83481E0326F575E000DC2EC0 /* LoadingView.swift in Sources */ = {isa = PBXBuildFile; fileRef = 83481DD326F56D8B00DC2EC0 /* LoadingView.swift */; };
		83481E0426F575E200DC2EC0 /* AlertView.swift in Sources */ = {isa = PBXBuildFile; fileRef = 83481DD126F56D8500DC2EC0 /* AlertView.swift */; };
		83481E0526F5760400DC2EC0 /* Domain.framework in Frameworks */ = {isa = PBXBuildFile; fileRef = 8370C0A426F10F59005FFBFC /* Domain.framework */; };
		83481E0626F5760400DC2EC0 /* Domain.framework in Embed Frameworks */ = {isa = PBXBuildFile; fileRef = 8370C0A426F10F59005FFBFC /* Domain.framework */; settings = {ATTRIBUTES = (CodeSignOnCopy, RemoveHeadersOnCopy, ); }; };
		83481E0C26F5766000DC2EC0 /* ScreenPresenterTests.swift in Sources */ = {isa = PBXBuildFile; fileRef = 83481E0B26F5766000DC2EC0 /* ScreenPresenterTests.swift */; };
		83481E1026F5780B00DC2EC0 /* AlertViewSpy.swift in Sources */ = {isa = PBXBuildFile; fileRef = 83481E0F26F5780B00DC2EC0 /* AlertViewSpy.swift */; };
		83481E1226F5781B00DC2EC0 /* LoadingViewSpy.swift in Sources */ = {isa = PBXBuildFile; fileRef = 83481E1126F5781B00DC2EC0 /* LoadingViewSpy.swift */; };
		83481E1526F5784200DC2EC0 /* DisplayScreenViewSpy.swift in Sources */ = {isa = PBXBuildFile; fileRef = 83481E1426F5784200DC2EC0 /* DisplayScreenViewSpy.swift */; };
		83481E1626F5799A00DC2EC0 /* TestExtension.swift in Sources */ = {isa = PBXBuildFile; fileRef = 8370C10F26F1157E005FFBFC /* TestExtension.swift */; };
		83481E1826F590F700DC2EC0 /* BeagleComponentMockFactories.swift in Sources */ = {isa = PBXBuildFile; fileRef = 839A283B26F441D0005E9EF1 /* BeagleComponentMockFactories.swift */; };
		83481E2726F5987A00DC2EC0 /* UI.framework in Frameworks */ = {isa = PBXBuildFile; fileRef = 83481E1E26F5987900DC2EC0 /* UI.framework */; };
		83481E3B26F5990300DC2EC0 /* UIColorExtensions.swift in Sources */ = {isa = PBXBuildFile; fileRef = 83481E3A26F5990300DC2EC0 /* UIColorExtensions.swift */; };
		83481E4226F59AD000DC2EC0 /* ChildBuilder.swift in Sources */ = {isa = PBXBuildFile; fileRef = 83481E4126F59AD000DC2EC0 /* ChildBuilder.swift */; };
		83481E4726F59C5400DC2EC0 /* UIViewExtensions.swift in Sources */ = {isa = PBXBuildFile; fileRef = 83481E4626F59C5400DC2EC0 /* UIViewExtensions.swift */; };
		83481E4826F59CBD00DC2EC0 /* Presentation.framework in Frameworks */ = {isa = PBXBuildFile; fileRef = 83481DE426F5756700DC2EC0 /* Presentation.framework */; };
		83481E4926F59CBD00DC2EC0 /* Presentation.framework in Embed Frameworks */ = {isa = PBXBuildFile; fileRef = 83481DE426F5756700DC2EC0 /* Presentation.framework */; settings = {ATTRIBUTES = (CodeSignOnCopy, RemoveHeadersOnCopy, ); }; };
		83481E4E26F5A6E000DC2EC0 /* ScreenViewController.swift in Sources */ = {isa = PBXBuildFile; fileRef = 83481E4D26F5A6E000DC2EC0 /* ScreenViewController.swift */; };
		8370C08B26F10EF4005FFBFC /* Data.framework in Frameworks */ = {isa = PBXBuildFile; fileRef = 8370C08226F10EF4005FFBFC /* Data.framework */; };
		8370C09B26F10F0B005FFBFC /* HttpClient.swift in Sources */ = {isa = PBXBuildFile; fileRef = 8370C09A26F10F0B005FFBFC /* HttpClient.swift */; };
		8370C09E26F10F3E005FFBFC /* ExtensionHelpers.swift in Sources */ = {isa = PBXBuildFile; fileRef = 8370C09D26F10F3E005FFBFC /* ExtensionHelpers.swift */; };
		8370C0BD26F10F97005FFBFC /* HttpError.swift in Sources */ = {isa = PBXBuildFile; fileRef = 8370C0BC26F10F97005FFBFC /* HttpError.swift */; };
		8370C0C026F10FBE005FFBFC /* DomainError.swift in Sources */ = {isa = PBXBuildFile; fileRef = 8370C0BF26F10FBE005FFBFC /* DomainError.swift */; };
		8370C0D026F111D8005FFBFC /* Infra.framework in Frameworks */ = {isa = PBXBuildFile; fileRef = 8370C0C726F111D7005FFBFC /* Infra.framework */; };
		8370C0DF26F111E3005FFBFC /* Domain.framework in Frameworks */ = {isa = PBXBuildFile; fileRef = 8370C0A426F10F59005FFBFC /* Domain.framework */; };
		8370C0E026F111E3005FFBFC /* Domain.framework in Embed Frameworks */ = {isa = PBXBuildFile; fileRef = 8370C0A426F10F59005FFBFC /* Domain.framework */; settings = {ATTRIBUTES = (CodeSignOnCopy, RemoveHeadersOnCopy, ); }; };
		8370C0E426F111EB005FFBFC /* Data.framework in Frameworks */ = {isa = PBXBuildFile; fileRef = 8370C08226F10EF4005FFBFC /* Data.framework */; };
		8370C0E526F111EB005FFBFC /* Data.framework in Embed Frameworks */ = {isa = PBXBuildFile; fileRef = 8370C08226F10EF4005FFBFC /* Data.framework */; settings = {ATTRIBUTES = (CodeSignOnCopy, RemoveHeadersOnCopy, ); }; };
		8370C0EC26F11220005FFBFC /* AlamofireAdapter.swift in Sources */ = {isa = PBXBuildFile; fileRef = 8370C0EB26F11220005FFBFC /* AlamofireAdapter.swift */; };
		8370C0ED26F1122D005FFBFC /* Domain.framework in Frameworks */ = {isa = PBXBuildFile; fileRef = 8370C0A426F10F59005FFBFC /* Domain.framework */; };
		8370C0EE26F1122D005FFBFC /* Domain.framework in Embed Frameworks */ = {isa = PBXBuildFile; fileRef = 8370C0A426F10F59005FFBFC /* Domain.framework */; settings = {ATTRIBUTES = (CodeSignOnCopy, RemoveHeadersOnCopy, ); }; };
		8370C0F326F1128E005FFBFC /* AlamofireAdapterTests.swift in Sources */ = {isa = PBXBuildFile; fileRef = 8370C0F226F1128E005FFBFC /* AlamofireAdapterTests.swift */; };
		8370C0F526F112CE005FFBFC /* UrlProtocolStub.swift in Sources */ = {isa = PBXBuildFile; fileRef = 8370C0F426F112CE005FFBFC /* UrlProtocolStub.swift */; };
		8370C0FC26F113C3005FFBFC /* Model.swift in Sources */ = {isa = PBXBuildFile; fileRef = 8370C0FB26F113C3005FFBFC /* Model.swift */; };
		8370C0FE26F113E7005FFBFC /* HttpMethod.swift in Sources */ = {isa = PBXBuildFile; fileRef = 8370C0FD26F113E7005FFBFC /* HttpMethod.swift */; };
		8370C10026F113EE005FFBFC /* HttpRequest.swift in Sources */ = {isa = PBXBuildFile; fileRef = 8370C0FF26F113EE005FFBFC /* HttpRequest.swift */; };
		8370C10226F113F4005FFBFC /* HttpStatusCode.swift in Sources */ = {isa = PBXBuildFile; fileRef = 8370C10126F113F4005FFBFC /* HttpStatusCode.swift */; };
		8370C10526F1146A005FFBFC /* Fakery in Frameworks */ = {isa = PBXBuildFile; productRef = 8370C10426F1146A005FFBFC /* Fakery */; };
		8370C10826F11487005FFBFC /* FakerFactory.swift in Sources */ = {isa = PBXBuildFile; fileRef = 8370C10726F11487005FFBFC /* FakerFactory.swift */; };
		8370C10A26F114AF005FFBFC /* TestDataFactories.swift in Sources */ = {isa = PBXBuildFile; fileRef = 8370C10926F114AF005FFBFC /* TestDataFactories.swift */; };
		8370C10C26F1154C005FFBFC /* FakerFactory.swift in Sources */ = {isa = PBXBuildFile; fileRef = 8370C10726F11487005FFBFC /* FakerFactory.swift */; };
		8370C10D26F1155D005FFBFC /* TestDataFactories.swift in Sources */ = {isa = PBXBuildFile; fileRef = 8370C10926F114AF005FFBFC /* TestDataFactories.swift */; };
		8370C11026F1157E005FFBFC /* TestExtension.swift in Sources */ = {isa = PBXBuildFile; fileRef = 8370C10F26F1157E005FFBFC /* TestExtension.swift */; };
		8370C11126F11587005FFBFC /* TestExtension.swift in Sources */ = {isa = PBXBuildFile; fileRef = 8370C10F26F1157E005FFBFC /* TestExtension.swift */; };
		8370C11F26F117A2005FFBFC /* Alamofire in Frameworks */ = {isa = PBXBuildFile; productRef = 8370C11E26F117A2005FFBFC /* Alamofire */; };
		8370C12726F119AB005FFBFC /* Fakery in Frameworks */ = {isa = PBXBuildFile; productRef = 8370C12626F119AB005FFBFC /* Fakery */; };
		839A281F26F4171D005E9EF1 /* RemoteBeagleTests.swift in Sources */ = {isa = PBXBuildFile; fileRef = 839A281E26F4171D005E9EF1 /* RemoteBeagleTests.swift */; };
		839A282526F429D0005E9EF1 /* StyleProperties.swift in Sources */ = {isa = PBXBuildFile; fileRef = 839A282426F429D0005E9EF1 /* StyleProperties.swift */; };
		839A282726F42A6D005E9EF1 /* Style.swift in Sources */ = {isa = PBXBuildFile; fileRef = 839A282626F42A6D005E9EF1 /* Style.swift */; };
		839A282A26F42A8A005E9EF1 /* Children.swift in Sources */ = {isa = PBXBuildFile; fileRef = 839A282926F42A8A005E9EF1 /* Children.swift */; };
		839A282D26F42AA6005E9EF1 /* BeagleComponent.swift in Sources */ = {isa = PBXBuildFile; fileRef = 839A282C26F42AA6005E9EF1 /* BeagleComponent.swift */; };
		839A283026F4390D005E9EF1 /* Screen.swift in Sources */ = {isa = PBXBuildFile; fileRef = 839A282F26F4390D005E9EF1 /* Screen.swift */; };
		839A283326F439E3005E9EF1 /* RemoteScreen.swift in Sources */ = {isa = PBXBuildFile; fileRef = 839A283226F439E3005E9EF1 /* RemoteScreen.swift */; };
		839A283626F43C9E005E9EF1 /* RemoteScreenTests.swift in Sources */ = {isa = PBXBuildFile; fileRef = 839A283526F43C9E005E9EF1 /* RemoteScreenTests.swift */; };
		839A283926F43CBF005E9EF1 /* HttpClientSpy.swift in Sources */ = {isa = PBXBuildFile; fileRef = 839A283826F43CBF005E9EF1 /* HttpClientSpy.swift */; };
		839A283C26F441D0005E9EF1 /* BeagleComponentMockFactories.swift in Sources */ = {isa = PBXBuildFile; fileRef = 839A283B26F441D0005E9EF1 /* BeagleComponentMockFactories.swift */; };
		83D9648426F7C0CF007FF665 /* Screen.swift in Sources */ = {isa = PBXBuildFile; fileRef = 83D9648326F7C0CF007FF665 /* Screen.swift */; };
/* End PBXBuildFile section */

/* Begin PBXContainerItemProxy section */
		83019C8726F80003005880B7 /* PBXContainerItemProxy */ = {
			isa = PBXContainerItemProxy;
			containerPortal = 8370C03E26F10E7C005FFBFC /* Project object */;
			proxyType = 1;
			remoteGlobalIDString = 83019C7026F80001005880B7;
			remoteInfo = Main;
		};
		83481DEE26F5756800DC2EC0 /* PBXContainerItemProxy */ = {
			isa = PBXContainerItemProxy;
			containerPortal = 8370C03E26F10E7C005FFBFC /* Project object */;
			proxyType = 1;
			remoteGlobalIDString = 83481DE326F5756700DC2EC0;
			remoteInfo = Presentation;
		};
		83481E0726F5760400DC2EC0 /* PBXContainerItemProxy */ = {
			isa = PBXContainerItemProxy;
			containerPortal = 8370C03E26F10E7C005FFBFC /* Project object */;
			proxyType = 1;
			remoteGlobalIDString = 8370C0A326F10F59005FFBFC;
			remoteInfo = Domain;
		};
		83481E2826F5987A00DC2EC0 /* PBXContainerItemProxy */ = {
			isa = PBXContainerItemProxy;
			containerPortal = 8370C03E26F10E7C005FFBFC /* Project object */;
			proxyType = 1;
			remoteGlobalIDString = 83481E1D26F5987900DC2EC0;
			remoteInfo = UI;
		};
		83481E4A26F59CBD00DC2EC0 /* PBXContainerItemProxy */ = {
			isa = PBXContainerItemProxy;
			containerPortal = 8370C03E26F10E7C005FFBFC /* Project object */;
			proxyType = 1;
			remoteGlobalIDString = 83481DE326F5756700DC2EC0;
			remoteInfo = Presentation;
		};
		8370C08C26F10EF4005FFBFC /* PBXContainerItemProxy */ = {
			isa = PBXContainerItemProxy;
			containerPortal = 8370C03E26F10E7C005FFBFC /* Project object */;
			proxyType = 1;
			remoteGlobalIDString = 8370C08126F10EF4005FFBFC;
			remoteInfo = Data;
		};
		8370C0D126F111D8005FFBFC /* PBXContainerItemProxy */ = {
			isa = PBXContainerItemProxy;
			containerPortal = 8370C03E26F10E7C005FFBFC /* Project object */;
			proxyType = 1;
			remoteGlobalIDString = 8370C0C626F111D7005FFBFC;
			remoteInfo = Infra;
		};
		8370C0E126F111E3005FFBFC /* PBXContainerItemProxy */ = {
			isa = PBXContainerItemProxy;
			containerPortal = 8370C03E26F10E7C005FFBFC /* Project object */;
			proxyType = 1;
			remoteGlobalIDString = 8370C0A326F10F59005FFBFC;
			remoteInfo = Domain;
		};
		8370C0E626F111EB005FFBFC /* PBXContainerItemProxy */ = {
			isa = PBXContainerItemProxy;
			containerPortal = 8370C03E26F10E7C005FFBFC /* Project object */;
			proxyType = 1;
			remoteGlobalIDString = 8370C08126F10EF4005FFBFC;
			remoteInfo = Data;
		};
		8370C0EF26F1122D005FFBFC /* PBXContainerItemProxy */ = {
			isa = PBXContainerItemProxy;
			containerPortal = 8370C03E26F10E7C005FFBFC /* Project object */;
			proxyType = 1;
			remoteGlobalIDString = 8370C0A326F10F59005FFBFC;
			remoteInfo = Domain;
		};
/* End PBXContainerItemProxy section */

/* Begin PBXCopyFilesBuildPhase section */
		83481E0926F5760400DC2EC0 /* Embed Frameworks */ = {
			isa = PBXCopyFilesBuildPhase;
			buildActionMask = 2147483647;
			dstPath = "";
			dstSubfolderSpec = 10;
			files = (
				83481E0626F5760400DC2EC0 /* Domain.framework in Embed Frameworks */,
			);
			name = "Embed Frameworks";
			runOnlyForDeploymentPostprocessing = 0;
		};
		83481E4C26F59CBD00DC2EC0 /* Embed Frameworks */ = {
			isa = PBXCopyFilesBuildPhase;
			buildActionMask = 2147483647;
			dstPath = "";
			dstSubfolderSpec = 10;
			files = (
				83481E4926F59CBD00DC2EC0 /* Presentation.framework in Embed Frameworks */,
			);
			name = "Embed Frameworks";
			runOnlyForDeploymentPostprocessing = 0;
		};
		8370C0E326F111E3005FFBFC /* Embed Frameworks */ = {
			isa = PBXCopyFilesBuildPhase;
			buildActionMask = 2147483647;
			dstPath = "";
			dstSubfolderSpec = 10;
			files = (
				8370C0E026F111E3005FFBFC /* Domain.framework in Embed Frameworks */,
			);
			name = "Embed Frameworks";
			runOnlyForDeploymentPostprocessing = 0;
		};
		8370C0E826F111EB005FFBFC /* Embed Frameworks */ = {
			isa = PBXCopyFilesBuildPhase;
			buildActionMask = 2147483647;
			dstPath = "";
			dstSubfolderSpec = 10;
			files = (
				8370C0EE26F1122D005FFBFC /* Domain.framework in Embed Frameworks */,
				8370C0E526F111EB005FFBFC /* Data.framework in Embed Frameworks */,
			);
			name = "Embed Frameworks";
			runOnlyForDeploymentPostprocessing = 0;
		};
/* End PBXCopyFilesBuildPhase section */

/* Begin PBXFileReference section */
		83019C6A26F7FD17005880B7 /* ScreenViewControllerTests.swift */ = {isa = PBXFileReference; lastKnownFileType = sourcecode.swift; path = ScreenViewControllerTests.swift; sourceTree = "<group>"; };
		83019C7126F80001005880B7 /* Main.app */ = {isa = PBXFileReference; explicitFileType = wrapper.application; includeInIndex = 0; path = Main.app; sourceTree = BUILT_PRODUCTS_DIR; };
		83019C7326F80001005880B7 /* AppDelegate.swift */ = {isa = PBXFileReference; lastKnownFileType = sourcecode.swift; path = AppDelegate.swift; sourceTree = "<group>"; };
		83019C7526F80001005880B7 /* SceneDelegate.swift */ = {isa = PBXFileReference; lastKnownFileType = sourcecode.swift; path = SceneDelegate.swift; sourceTree = "<group>"; };
		83019C7726F80001005880B7 /* ViewController.swift */ = {isa = PBXFileReference; lastKnownFileType = sourcecode.swift; path = ViewController.swift; sourceTree = "<group>"; };
		83019C7A26F80001005880B7 /* Base */ = {isa = PBXFileReference; lastKnownFileType = file.storyboard; name = Base; path = Base.lproj/Main.storyboard; sourceTree = "<group>"; };
		83019C7C26F80002005880B7 /* Assets.xcassets */ = {isa = PBXFileReference; lastKnownFileType = folder.assetcatalog; path = Assets.xcassets; sourceTree = "<group>"; };
		83019C7F26F80002005880B7 /* Base */ = {isa = PBXFileReference; lastKnownFileType = file.storyboard; name = Base; path = Base.lproj/LaunchScreen.storyboard; sourceTree = "<group>"; };
		83019C8126F80002005880B7 /* Info.plist */ = {isa = PBXFileReference; lastKnownFileType = text.plist.xml; path = Info.plist; sourceTree = "<group>"; };
		83019C8626F80003005880B7 /* MainTests.xctest */ = {isa = PBXFileReference; explicitFileType = wrapper.cfbundle; includeInIndex = 0; path = MainTests.xctest; sourceTree = BUILT_PRODUCTS_DIR; };
		83019C8A26F80003005880B7 /* MainTests.swift */ = {isa = PBXFileReference; lastKnownFileType = sourcecode.swift; path = MainTests.swift; sourceTree = "<group>"; };
		83019C8C26F80003005880B7 /* Info.plist */ = {isa = PBXFileReference; lastKnownFileType = text.plist.xml; path = Info.plist; sourceTree = "<group>"; };
		83019C9526F80003005880B7 /* MainUITests.swift */ = {isa = PBXFileReference; lastKnownFileType = sourcecode.swift; path = MainUITests.swift; sourceTree = "<group>"; };
		83019C9726F80003005880B7 /* Info.plist */ = {isa = PBXFileReference; lastKnownFileType = text.plist.xml; path = Info.plist; sourceTree = "<group>"; };
		83481DA126F55E4D00DC2EC0 /* IntegrationTests.xctest */ = {isa = PBXFileReference; explicitFileType = wrapper.cfbundle; includeInIndex = 0; path = IntegrationTests.xctest; sourceTree = BUILT_PRODUCTS_DIR; };
		83481DA326F55E4D00DC2EC0 /* ScreenIntegrationTests.swift */ = {isa = PBXFileReference; lastKnownFileType = sourcecode.swift; path = ScreenIntegrationTests.swift; sourceTree = "<group>"; };
		83481DA526F55E4D00DC2EC0 /* Info.plist */ = {isa = PBXFileReference; lastKnownFileType = text.plist.xml; path = Info.plist; sourceTree = "<group>"; };
		83481DC926F56C2000DC2EC0 /* ScreenPresenter.swift */ = {isa = PBXFileReference; lastKnownFileType = sourcecode.swift; path = ScreenPresenter.swift; sourceTree = "<group>"; };
		83481DD126F56D8500DC2EC0 /* AlertView.swift */ = {isa = PBXFileReference; lastKnownFileType = sourcecode.swift; path = AlertView.swift; sourceTree = "<group>"; };
		83481DD326F56D8B00DC2EC0 /* LoadingView.swift */ = {isa = PBXFileReference; lastKnownFileType = sourcecode.swift; path = LoadingView.swift; sourceTree = "<group>"; };
		83481DD626F56DE700DC2EC0 /* ScreenSpy.swift */ = {isa = PBXFileReference; lastKnownFileType = sourcecode.swift; path = ScreenSpy.swift; sourceTree = "<group>"; };
		83481DD926F56E7900DC2EC0 /* TestPresentationFactories.swift */ = {isa = PBXFileReference; lastKnownFileType = sourcecode.swift; path = TestPresentationFactories.swift; sourceTree = "<group>"; };
		83481DDB26F56F0400DC2EC0 /* ScreenRequest.swift */ = {isa = PBXFileReference; lastKnownFileType = sourcecode.swift; path = ScreenRequest.swift; sourceTree = "<group>"; };
		83481DDD26F5708100DC2EC0 /* DisplayScreen.swift */ = {isa = PBXFileReference; lastKnownFileType = sourcecode.swift; path = DisplayScreen.swift; sourceTree = "<group>"; };
		83481DE426F5756700DC2EC0 /* Presentation.framework */ = {isa = PBXFileReference; explicitFileType = wrapper.framework; includeInIndex = 0; path = Presentation.framework; sourceTree = BUILT_PRODUCTS_DIR; };
		83481DE726F5756800DC2EC0 /* Info.plist */ = {isa = PBXFileReference; lastKnownFileType = text.plist.xml; path = Info.plist; sourceTree = "<group>"; };
		83481DEC26F5756800DC2EC0 /* PresentationTests.xctest */ = {isa = PBXFileReference; explicitFileType = wrapper.cfbundle; includeInIndex = 0; path = PresentationTests.xctest; sourceTree = BUILT_PRODUCTS_DIR; };
		83481DFC26F575A500DC2EC0 /* Info.plist */ = {isa = PBXFileReference; fileEncoding = 4; lastKnownFileType = text.plist.xml; path = Info.plist; sourceTree = "<group>"; };
		83481E0B26F5766000DC2EC0 /* ScreenPresenterTests.swift */ = {isa = PBXFileReference; lastKnownFileType = sourcecode.swift; path = ScreenPresenterTests.swift; sourceTree = "<group>"; };
		83481E0F26F5780B00DC2EC0 /* AlertViewSpy.swift */ = {isa = PBXFileReference; lastKnownFileType = sourcecode.swift; path = AlertViewSpy.swift; sourceTree = "<group>"; };
		83481E1126F5781B00DC2EC0 /* LoadingViewSpy.swift */ = {isa = PBXFileReference; lastKnownFileType = sourcecode.swift; path = LoadingViewSpy.swift; sourceTree = "<group>"; };
		83481E1426F5784200DC2EC0 /* DisplayScreenViewSpy.swift */ = {isa = PBXFileReference; lastKnownFileType = sourcecode.swift; path = DisplayScreenViewSpy.swift; sourceTree = "<group>"; };
		83481E1E26F5987900DC2EC0 /* UI.framework */ = {isa = PBXFileReference; explicitFileType = wrapper.framework; includeInIndex = 0; path = UI.framework; sourceTree = BUILT_PRODUCTS_DIR; };
		83481E2126F5987A00DC2EC0 /* Info.plist */ = {isa = PBXFileReference; lastKnownFileType = text.plist.xml; path = Info.plist; sourceTree = "<group>"; };
		83481E2626F5987A00DC2EC0 /* UITests.xctest */ = {isa = PBXFileReference; explicitFileType = wrapper.cfbundle; includeInIndex = 0; path = UITests.xctest; sourceTree = BUILT_PRODUCTS_DIR; };
		83481E2D26F5987A00DC2EC0 /* Info.plist */ = {isa = PBXFileReference; lastKnownFileType = text.plist.xml; path = Info.plist; sourceTree = "<group>"; };
		83481E3A26F5990300DC2EC0 /* UIColorExtensions.swift */ = {isa = PBXFileReference; lastKnownFileType = sourcecode.swift; path = UIColorExtensions.swift; sourceTree = "<group>"; };
		83481E4126F59AD000DC2EC0 /* ChildBuilder.swift */ = {isa = PBXFileReference; lastKnownFileType = sourcecode.swift; path = ChildBuilder.swift; sourceTree = "<group>"; };
		83481E4626F59C5400DC2EC0 /* UIViewExtensions.swift */ = {isa = PBXFileReference; lastKnownFileType = sourcecode.swift; path = UIViewExtensions.swift; sourceTree = "<group>"; };
		83481E4D26F5A6E000DC2EC0 /* ScreenViewController.swift */ = {isa = PBXFileReference; lastKnownFileType = sourcecode.swift; path = ScreenViewController.swift; sourceTree = "<group>"; };
		8370C08226F10EF4005FFBFC /* Data.framework */ = {isa = PBXFileReference; explicitFileType = wrapper.framework; includeInIndex = 0; path = Data.framework; sourceTree = BUILT_PRODUCTS_DIR; };
		8370C08526F10EF4005FFBFC /* Info.plist */ = {isa = PBXFileReference; lastKnownFileType = text.plist.xml; path = Info.plist; sourceTree = "<group>"; };
		8370C08A26F10EF4005FFBFC /* DataTests.xctest */ = {isa = PBXFileReference; explicitFileType = wrapper.cfbundle; includeInIndex = 0; path = DataTests.xctest; sourceTree = BUILT_PRODUCTS_DIR; };
		8370C09126F10EF4005FFBFC /* Info.plist */ = {isa = PBXFileReference; lastKnownFileType = text.plist.xml; path = Info.plist; sourceTree = "<group>"; };
		8370C09A26F10F0B005FFBFC /* HttpClient.swift */ = {isa = PBXFileReference; lastKnownFileType = sourcecode.swift; path = HttpClient.swift; sourceTree = "<group>"; };
		8370C09D26F10F3E005FFBFC /* ExtensionHelpers.swift */ = {isa = PBXFileReference; lastKnownFileType = sourcecode.swift; path = ExtensionHelpers.swift; sourceTree = "<group>"; };
		8370C0A426F10F59005FFBFC /* Domain.framework */ = {isa = PBXFileReference; explicitFileType = wrapper.framework; includeInIndex = 0; path = Domain.framework; sourceTree = BUILT_PRODUCTS_DIR; };
		8370C0A726F10F59005FFBFC /* Info.plist */ = {isa = PBXFileReference; lastKnownFileType = text.plist.xml; path = Info.plist; sourceTree = "<group>"; };
		8370C0BC26F10F97005FFBFC /* HttpError.swift */ = {isa = PBXFileReference; lastKnownFileType = sourcecode.swift; path = HttpError.swift; sourceTree = "<group>"; };
		8370C0BF26F10FBE005FFBFC /* DomainError.swift */ = {isa = PBXFileReference; lastKnownFileType = sourcecode.swift; path = DomainError.swift; sourceTree = "<group>"; };
		8370C0C726F111D7005FFBFC /* Infra.framework */ = {isa = PBXFileReference; explicitFileType = wrapper.framework; includeInIndex = 0; path = Infra.framework; sourceTree = BUILT_PRODUCTS_DIR; };
		8370C0CA26F111D7005FFBFC /* Info.plist */ = {isa = PBXFileReference; lastKnownFileType = text.plist.xml; path = Info.plist; sourceTree = "<group>"; };
		8370C0CF26F111D8005FFBFC /* InfraTests.xctest */ = {isa = PBXFileReference; explicitFileType = wrapper.cfbundle; includeInIndex = 0; path = InfraTests.xctest; sourceTree = BUILT_PRODUCTS_DIR; };
		8370C0D626F111D8005FFBFC /* Info.plist */ = {isa = PBXFileReference; lastKnownFileType = text.plist.xml; path = Info.plist; sourceTree = "<group>"; };
		8370C0EB26F11220005FFBFC /* AlamofireAdapter.swift */ = {isa = PBXFileReference; lastKnownFileType = sourcecode.swift; path = AlamofireAdapter.swift; sourceTree = "<group>"; };
		8370C0F226F1128E005FFBFC /* AlamofireAdapterTests.swift */ = {isa = PBXFileReference; lastKnownFileType = sourcecode.swift; path = AlamofireAdapterTests.swift; sourceTree = "<group>"; };
		8370C0F426F112CE005FFBFC /* UrlProtocolStub.swift */ = {isa = PBXFileReference; lastKnownFileType = sourcecode.swift; path = UrlProtocolStub.swift; sourceTree = "<group>"; };
		8370C0FB26F113C3005FFBFC /* Model.swift */ = {isa = PBXFileReference; lastKnownFileType = sourcecode.swift; path = Model.swift; sourceTree = "<group>"; };
		8370C0FD26F113E7005FFBFC /* HttpMethod.swift */ = {isa = PBXFileReference; lastKnownFileType = sourcecode.swift; path = HttpMethod.swift; sourceTree = "<group>"; };
		8370C0FF26F113EE005FFBFC /* HttpRequest.swift */ = {isa = PBXFileReference; lastKnownFileType = sourcecode.swift; path = HttpRequest.swift; sourceTree = "<group>"; };
		8370C10126F113F4005FFBFC /* HttpStatusCode.swift */ = {isa = PBXFileReference; lastKnownFileType = sourcecode.swift; path = HttpStatusCode.swift; sourceTree = "<group>"; };
		8370C10726F11487005FFBFC /* FakerFactory.swift */ = {isa = PBXFileReference; lastKnownFileType = sourcecode.swift; path = FakerFactory.swift; sourceTree = "<group>"; };
		8370C10926F114AF005FFBFC /* TestDataFactories.swift */ = {isa = PBXFileReference; lastKnownFileType = sourcecode.swift; path = TestDataFactories.swift; sourceTree = "<group>"; };
		8370C10F26F1157E005FFBFC /* TestExtension.swift */ = {isa = PBXFileReference; lastKnownFileType = sourcecode.swift; path = TestExtension.swift; sourceTree = "<group>"; };
		839A281E26F4171D005E9EF1 /* RemoteBeagleTests.swift */ = {isa = PBXFileReference; lastKnownFileType = sourcecode.swift; path = RemoteBeagleTests.swift; sourceTree = "<group>"; };
		839A282426F429D0005E9EF1 /* StyleProperties.swift */ = {isa = PBXFileReference; lastKnownFileType = sourcecode.swift; path = StyleProperties.swift; sourceTree = "<group>"; };
		839A282626F42A6D005E9EF1 /* Style.swift */ = {isa = PBXFileReference; lastKnownFileType = sourcecode.swift; path = Style.swift; sourceTree = "<group>"; };
		839A282926F42A8A005E9EF1 /* Children.swift */ = {isa = PBXFileReference; lastKnownFileType = sourcecode.swift; path = Children.swift; sourceTree = "<group>"; };
		839A282C26F42AA6005E9EF1 /* BeagleComponent.swift */ = {isa = PBXFileReference; lastKnownFileType = sourcecode.swift; path = BeagleComponent.swift; sourceTree = "<group>"; };
		839A282F26F4390D005E9EF1 /* Screen.swift */ = {isa = PBXFileReference; lastKnownFileType = sourcecode.swift; path = Screen.swift; sourceTree = "<group>"; };
		839A283226F439E3005E9EF1 /* RemoteScreen.swift */ = {isa = PBXFileReference; lastKnownFileType = sourcecode.swift; path = RemoteScreen.swift; sourceTree = "<group>"; };
		839A283526F43C9E005E9EF1 /* RemoteScreenTests.swift */ = {isa = PBXFileReference; lastKnownFileType = sourcecode.swift; path = RemoteScreenTests.swift; sourceTree = "<group>"; };
		839A283826F43CBF005E9EF1 /* HttpClientSpy.swift */ = {isa = PBXFileReference; lastKnownFileType = sourcecode.swift; path = HttpClientSpy.swift; sourceTree = "<group>"; };
		839A283B26F441D0005E9EF1 /* BeagleComponentMockFactories.swift */ = {isa = PBXFileReference; lastKnownFileType = sourcecode.swift; path = BeagleComponentMockFactories.swift; sourceTree = "<group>"; };
		83D9648326F7C0CF007FF665 /* Screen.swift */ = {isa = PBXFileReference; lastKnownFileType = sourcecode.swift; path = Screen.swift; sourceTree = "<group>"; };
/* End PBXFileReference section */

/* Begin PBXFrameworksBuildPhase section */
		83019C6E26F80001005880B7 /* Frameworks */ = {
			isa = PBXFrameworksBuildPhase;
			buildActionMask = 2147483647;
			files = (
			);
			runOnlyForDeploymentPostprocessing = 0;
		};
		83019C8326F80003005880B7 /* Frameworks */ = {
			isa = PBXFrameworksBuildPhase;
			buildActionMask = 2147483647;
			files = (
			);
			runOnlyForDeploymentPostprocessing = 0;
		};
		83481D9E26F55E4D00DC2EC0 /* Frameworks */ = {
			isa = PBXFrameworksBuildPhase;
			buildActionMask = 2147483647;
			files = (
				83481DA926F55E5500DC2EC0 /* Data.framework in Frameworks */,
				83481DAA26F55E5500DC2EC0 /* Domain.framework in Frameworks */,
				83481DAB26F55E5500DC2EC0 /* Infra.framework in Frameworks */,
			);
			runOnlyForDeploymentPostprocessing = 0;
		};
		83481DE126F5756700DC2EC0 /* Frameworks */ = {
			isa = PBXFrameworksBuildPhase;
			buildActionMask = 2147483647;
			files = (
				83481E0526F5760400DC2EC0 /* Domain.framework in Frameworks */,
			);
			runOnlyForDeploymentPostprocessing = 0;
		};
		83481DE926F5756800DC2EC0 /* Frameworks */ = {
			isa = PBXFrameworksBuildPhase;
			buildActionMask = 2147483647;
			files = (
				83481DED26F5756800DC2EC0 /* Presentation.framework in Frameworks */,
			);
			runOnlyForDeploymentPostprocessing = 0;
		};
		83481E1B26F5987900DC2EC0 /* Frameworks */ = {
			isa = PBXFrameworksBuildPhase;
			buildActionMask = 2147483647;
			files = (
				83481E4826F59CBD00DC2EC0 /* Presentation.framework in Frameworks */,
			);
			runOnlyForDeploymentPostprocessing = 0;
		};
		83481E2326F5987A00DC2EC0 /* Frameworks */ = {
			isa = PBXFrameworksBuildPhase;
			buildActionMask = 2147483647;
			files = (
				83481E2726F5987A00DC2EC0 /* UI.framework in Frameworks */,
			);
			runOnlyForDeploymentPostprocessing = 0;
		};
		8370C07F26F10EF4005FFBFC /* Frameworks */ = {
			isa = PBXFrameworksBuildPhase;
			buildActionMask = 2147483647;
			files = (
				8370C0DF26F111E3005FFBFC /* Domain.framework in Frameworks */,
			);
			runOnlyForDeploymentPostprocessing = 0;
		};
		8370C08726F10EF4005FFBFC /* Frameworks */ = {
			isa = PBXFrameworksBuildPhase;
			buildActionMask = 2147483647;
			files = (
				8370C10526F1146A005FFBFC /* Fakery in Frameworks */,
				8370C08B26F10EF4005FFBFC /* Data.framework in Frameworks */,
			);
			runOnlyForDeploymentPostprocessing = 0;
		};
		8370C0A126F10F59005FFBFC /* Frameworks */ = {
			isa = PBXFrameworksBuildPhase;
			buildActionMask = 2147483647;
			files = (
			);
			runOnlyForDeploymentPostprocessing = 0;
		};
		8370C0C426F111D7005FFBFC /* Frameworks */ = {
			isa = PBXFrameworksBuildPhase;
			buildActionMask = 2147483647;
			files = (
				8370C11F26F117A2005FFBFC /* Alamofire in Frameworks */,
				8370C0ED26F1122D005FFBFC /* Domain.framework in Frameworks */,
				8370C0E426F111EB005FFBFC /* Data.framework in Frameworks */,
			);
			runOnlyForDeploymentPostprocessing = 0;
		};
		8370C0CC26F111D8005FFBFC /* Frameworks */ = {
			isa = PBXFrameworksBuildPhase;
			buildActionMask = 2147483647;
			files = (
				8370C12726F119AB005FFBFC /* Fakery in Frameworks */,
				8370C0D026F111D8005FFBFC /* Infra.framework in Frameworks */,
			);
			runOnlyForDeploymentPostprocessing = 0;
		};
/* End PBXFrameworksBuildPhase section */

/* Begin PBXGroup section */
		83019C6626F7FCC5005880B7 /* Scenes */ = {
			isa = PBXGroup;
			children = (
				83019C6A26F7FD17005880B7 /* ScreenViewControllerTests.swift */,
			);
			path = Scenes;
			sourceTree = "<group>";
		};
		83019C7226F80001005880B7 /* Main */ = {
			isa = PBXGroup;
			children = (
				83019C7326F80001005880B7 /* AppDelegate.swift */,
				83019C7526F80001005880B7 /* SceneDelegate.swift */,
				83019C7726F80001005880B7 /* ViewController.swift */,
				83019C7926F80001005880B7 /* Main.storyboard */,
				83019C7C26F80002005880B7 /* Assets.xcassets */,
				83019C7E26F80002005880B7 /* LaunchScreen.storyboard */,
				83019C8126F80002005880B7 /* Info.plist */,
			);
			path = Main;
			sourceTree = "<group>";
		};
		83019C8926F80003005880B7 /* MainTests */ = {
			isa = PBXGroup;
			children = (
				83019C8A26F80003005880B7 /* MainTests.swift */,
				83019C8C26F80003005880B7 /* Info.plist */,
			);
			path = MainTests;
			sourceTree = "<group>";
		};
		83019C9426F80003005880B7 /* MainUITests */ = {
			isa = PBXGroup;
			children = (
				83019C9526F80003005880B7 /* MainUITests.swift */,
				83019C9726F80003005880B7 /* Info.plist */,
			);
			path = MainUITests;
			sourceTree = "<group>";
		};
		83481DA226F55E4D00DC2EC0 /* IntegrationTests */ = {
			isa = PBXGroup;
			children = (
				83481DA326F55E4D00DC2EC0 /* ScreenIntegrationTests.swift */,
				83481DA526F55E4D00DC2EC0 /* Info.plist */,
			);
			path = IntegrationTests;
			sourceTree = "<group>";
		};
		83481DC826F56B7800DC2EC0 /* Presenters */ = {
			isa = PBXGroup;
			children = (
				83481DC926F56C2000DC2EC0 /* ScreenPresenter.swift */,
				83481DDB26F56F0400DC2EC0 /* ScreenRequest.swift */,
			);
			path = Presenters;
			sourceTree = "<group>";
		};
		83481DD026F56D6E00DC2EC0 /* Views */ = {
			isa = PBXGroup;
			children = (
				83481DD126F56D8500DC2EC0 /* AlertView.swift */,
				83481DD326F56D8B00DC2EC0 /* LoadingView.swift */,
				83481DDD26F5708100DC2EC0 /* DisplayScreen.swift */,
			);
			path = Views;
			sourceTree = "<group>";
		};
		83481DD526F56DCF00DC2EC0 /* UseCases */ = {
			isa = PBXGroup;
			children = (
				83481DD626F56DE700DC2EC0 /* ScreenSpy.swift */,
			);
			path = UseCases;
			sourceTree = "<group>";
		};
		83481DD826F56E6D00DC2EC0 /* Helpers */ = {
			isa = PBXGroup;
			children = (
				83481DD926F56E7900DC2EC0 /* TestPresentationFactories.swift */,
			);
			path = Helpers;
			sourceTree = "<group>";
		};
		83481DE526F5756800DC2EC0 /* Presentation */ = {
			isa = PBXGroup;
			children = (
				83481DD026F56D6E00DC2EC0 /* Views */,
				83481DC826F56B7800DC2EC0 /* Presenters */,
				83481DE726F5756800DC2EC0 /* Info.plist */,
			);
			path = Presentation;
			sourceTree = "<group>";
		};
		83481DF026F5756800DC2EC0 /* PresentationTests */ = {
			isa = PBXGroup;
			children = (
				83481DFC26F575A500DC2EC0 /* Info.plist */,
				83481E0D26F577FF00DC2EC0 /* Views */,
				83481E0A26F5764D00DC2EC0 /* Presenters */,
				83481DD826F56E6D00DC2EC0 /* Helpers */,
				83481DD526F56DCF00DC2EC0 /* UseCases */,
			);
			path = PresentationTests;
			sourceTree = "<group>";
		};
		83481E0A26F5764D00DC2EC0 /* Presenters */ = {
			isa = PBXGroup;
			children = (
				83481E0B26F5766000DC2EC0 /* ScreenPresenterTests.swift */,
			);
			path = Presenters;
			sourceTree = "<group>";
		};
		83481E0D26F577FF00DC2EC0 /* Views */ = {
			isa = PBXGroup;
			children = (
				83481E0F26F5780B00DC2EC0 /* AlertViewSpy.swift */,
				83481E1126F5781B00DC2EC0 /* LoadingViewSpy.swift */,
				83481E1426F5784200DC2EC0 /* DisplayScreenViewSpy.swift */,
			);
			path = Views;
			sourceTree = "<group>";
		};
		83481E1F26F5987900DC2EC0 /* UI */ = {
			isa = PBXGroup;
			children = (
				83481E3726F598BF00DC2EC0 /* Helpers */,
				83481E3626F598AE00DC2EC0 /* Components */,
				83481E3526F598A200DC2EC0 /* Scenes */,
				83481E2126F5987A00DC2EC0 /* Info.plist */,
			);
			path = UI;
			sourceTree = "<group>";
		};
		83481E2A26F5987A00DC2EC0 /* UITests */ = {
			isa = PBXGroup;
			children = (
				83019C6626F7FCC5005880B7 /* Scenes */,
				83481E2D26F5987A00DC2EC0 /* Info.plist */,
			);
			path = UITests;
			sourceTree = "<group>";
		};
		83481E3526F598A200DC2EC0 /* Scenes */ = {
			isa = PBXGroup;
			children = (
				83D9648226F7C0B0007FF665 /* ViewController */,
				83D9648126F7C0AC007FF665 /* Screen */,
			);
			path = Scenes;
			sourceTree = "<group>";
		};
		83481E3626F598AE00DC2EC0 /* Components */ = {
			isa = PBXGroup;
			children = (
				83481E4126F59AD000DC2EC0 /* ChildBuilder.swift */,
			);
			path = Components;
			sourceTree = "<group>";
		};
		83481E3726F598BF00DC2EC0 /* Helpers */ = {
			isa = PBXGroup;
			children = (
				83481E3E26F5996C00DC2EC0 /* Extensions */,
			);
			path = Helpers;
			sourceTree = "<group>";
		};
		83481E3E26F5996C00DC2EC0 /* Extensions */ = {
			isa = PBXGroup;
			children = (
				83481E3A26F5990300DC2EC0 /* UIColorExtensions.swift */,
				83481E4626F59C5400DC2EC0 /* UIViewExtensions.swift */,
			);
			path = Extensions;
			sourceTree = "<group>";
		};
		8370C03D26F10E7C005FFBFC = {
			isa = PBXGroup;
			children = (
				8370C0A526F10F59005FFBFC /* Domain */,
				8370C08326F10EF4005FFBFC /* Data */,
				8370C08E26F10EF4005FFBFC /* DataTests */,
				8370C0C826F111D7005FFBFC /* Infra */,
				8370C0D326F111D8005FFBFC /* InfraTests */,
				83481DA226F55E4D00DC2EC0 /* IntegrationTests */,
				83481DE526F5756800DC2EC0 /* Presentation */,
				83481DF026F5756800DC2EC0 /* PresentationTests */,
				83481E1F26F5987900DC2EC0 /* UI */,
				83481E2A26F5987A00DC2EC0 /* UITests */,
				83019C7226F80001005880B7 /* Main */,
				83019C8926F80003005880B7 /* MainTests */,
				83019C9426F80003005880B7 /* MainUITests */,
				8370C04826F10E7C005FFBFC /* Products */,
				8370C0DE26F111E3005FFBFC /* Frameworks */,
			);
			sourceTree = "<group>";
		};
		8370C04826F10E7C005FFBFC /* Products */ = {
			isa = PBXGroup;
			children = (
				8370C08226F10EF4005FFBFC /* Data.framework */,
				8370C08A26F10EF4005FFBFC /* DataTests.xctest */,
				8370C0A426F10F59005FFBFC /* Domain.framework */,
				8370C0C726F111D7005FFBFC /* Infra.framework */,
				8370C0CF26F111D8005FFBFC /* InfraTests.xctest */,
				83481DA126F55E4D00DC2EC0 /* IntegrationTests.xctest */,
				83481DE426F5756700DC2EC0 /* Presentation.framework */,
				83481DEC26F5756800DC2EC0 /* PresentationTests.xctest */,
				83481E1E26F5987900DC2EC0 /* UI.framework */,
				83481E2626F5987A00DC2EC0 /* UITests.xctest */,
				83019C7126F80001005880B7 /* Main.app */,
				83019C8626F80003005880B7 /* MainTests.xctest */,
			);
			name = Products;
			sourceTree = "<group>";
		};
		8370C08326F10EF4005FFBFC /* Data */ = {
			isa = PBXGroup;
			children = (
				839A283126F439CF005E9EF1 /* UseCases */,
				8370C09C26F10F31005FFBFC /* Extensions */,
				8370C09926F10F03005FFBFC /* Http */,
				8370C08526F10EF4005FFBFC /* Info.plist */,
			);
			path = Data;
			sourceTree = "<group>";
		};
		8370C08E26F10EF4005FFBFC /* DataTests */ = {
			isa = PBXGroup;
			children = (
				839A283A26F441B5005E9EF1 /* MockFactories */,
				839A283726F43CAE005E9EF1 /* Http */,
				839A283426F43C7F005E9EF1 /* UseCases */,
				8370C10E26F11570005FFBFC /* Extensions */,
				8370C10626F11479005FFBFC /* Helpers */,
				8370C09126F10EF4005FFBFC /* Info.plist */,
				839A281E26F4171D005E9EF1 /* RemoteBeagleTests.swift */,
			);
			path = DataTests;
			sourceTree = "<group>";
		};
		8370C09926F10F03005FFBFC /* Http */ = {
			isa = PBXGroup;
			children = (
				8370C09A26F10F0B005FFBFC /* HttpClient.swift */,
			);
			path = Http;
			sourceTree = "<group>";
		};
		8370C09C26F10F31005FFBFC /* Extensions */ = {
			isa = PBXGroup;
			children = (
				8370C09D26F10F3E005FFBFC /* ExtensionHelpers.swift */,
			);
			path = Extensions;
			sourceTree = "<group>";
		};
		8370C0A526F10F59005FFBFC /* Domain */ = {
			isa = PBXGroup;
			children = (
				8370C12826F120DC005FFBFC /* UseCases */,
				8370C0FA26F113B3005FFBFC /* Model */,
				8370C0BB26F10F71005FFBFC /* Errors */,
				8370C0A726F10F59005FFBFC /* Info.plist */,
			);
			path = Domain;
			sourceTree = "<group>";
		};
		8370C0BB26F10F71005FFBFC /* Errors */ = {
			isa = PBXGroup;
			children = (
				8370C0C126F10FC4005FFBFC /* Http */,
				8370C0BF26F10FBE005FFBFC /* DomainError.swift */,
			);
			path = Errors;
			sourceTree = "<group>";
		};
		8370C0C126F10FC4005FFBFC /* Http */ = {
			isa = PBXGroup;
			children = (
				8370C0BC26F10F97005FFBFC /* HttpError.swift */,
			);
			path = Http;
			sourceTree = "<group>";
		};
		8370C0C826F111D7005FFBFC /* Infra */ = {
			isa = PBXGroup;
			children = (
				8370C0E926F1120B005FFBFC /* Http */,
				8370C0CA26F111D7005FFBFC /* Info.plist */,
			);
			path = Infra;
			sourceTree = "<group>";
		};
		8370C0D326F111D8005FFBFC /* InfraTests */ = {
			isa = PBXGroup;
			children = (
				8370C0D626F111D8005FFBFC /* Info.plist */,
				8370C0F126F11250005FFBFC /* Http */,
			);
			path = InfraTests;
			sourceTree = "<group>";
		};
		8370C0DE26F111E3005FFBFC /* Frameworks */ = {
			isa = PBXGroup;
			children = (
			);
			name = Frameworks;
			sourceTree = "<group>";
		};
		8370C0E926F1120B005FFBFC /* Http */ = {
			isa = PBXGroup;
			children = (
				8370C0EB26F11220005FFBFC /* AlamofireAdapter.swift */,
			);
			path = Http;
			sourceTree = "<group>";
		};
		8370C0F126F11250005FFBFC /* Http */ = {
			isa = PBXGroup;
			children = (
				8370C0F226F1128E005FFBFC /* AlamofireAdapterTests.swift */,
				8370C0F426F112CE005FFBFC /* UrlProtocolStub.swift */,
			);
			path = Http;
			sourceTree = "<group>";
		};
		8370C0F926F113A6005FFBFC /* Http */ = {
			isa = PBXGroup;
			children = (
				8370C0FD26F113E7005FFBFC /* HttpMethod.swift */,
				8370C0FF26F113EE005FFBFC /* HttpRequest.swift */,
				8370C10126F113F4005FFBFC /* HttpStatusCode.swift */,
			);
			path = Http;
			sourceTree = "<group>";
		};
		8370C0FA26F113B3005FFBFC /* Model */ = {
			isa = PBXGroup;
			children = (
				839A282B26F42A99005E9EF1 /* BeagleComponent */,
				839A282826F42A7E005E9EF1 /* Children */,
				839A282326F429B3005E9EF1 /* Style */,
				8370C0F926F113A6005FFBFC /* Http */,
				8370C0FB26F113C3005FFBFC /* Model.swift */,
			);
			path = Model;
			sourceTree = "<group>";
		};
		8370C10626F11479005FFBFC /* Helpers */ = {
			isa = PBXGroup;
			children = (
				8370C10926F114AF005FFBFC /* TestDataFactories.swift */,
				8370C10726F11487005FFBFC /* FakerFactory.swift */,
			);
			path = Helpers;
			sourceTree = "<group>";
		};
		8370C10E26F11570005FFBFC /* Extensions */ = {
			isa = PBXGroup;
			children = (
				8370C10F26F1157E005FFBFC /* TestExtension.swift */,
			);
			path = Extensions;
			sourceTree = "<group>";
		};
		8370C12826F120DC005FFBFC /* UseCases */ = {
			isa = PBXGroup;
			children = (
				839A282F26F4390D005E9EF1 /* Screen.swift */,
			);
			path = UseCases;
			sourceTree = "<group>";
		};
		839A282326F429B3005E9EF1 /* Style */ = {
			isa = PBXGroup;
			children = (
				839A282426F429D0005E9EF1 /* StyleProperties.swift */,
				839A282626F42A6D005E9EF1 /* Style.swift */,
			);
			path = Style;
			sourceTree = "<group>";
		};
		839A282826F42A7E005E9EF1 /* Children */ = {
			isa = PBXGroup;
			children = (
				839A282926F42A8A005E9EF1 /* Children.swift */,
			);
			path = Children;
			sourceTree = "<group>";
		};
		839A282B26F42A99005E9EF1 /* BeagleComponent */ = {
			isa = PBXGroup;
			children = (
				839A282C26F42AA6005E9EF1 /* BeagleComponent.swift */,
			);
			path = BeagleComponent;
			sourceTree = "<group>";
		};
		839A283126F439CF005E9EF1 /* UseCases */ = {
			isa = PBXGroup;
			children = (
				839A283226F439E3005E9EF1 /* RemoteScreen.swift */,
			);
			path = UseCases;
			sourceTree = "<group>";
		};
		839A283426F43C7F005E9EF1 /* UseCases */ = {
			isa = PBXGroup;
			children = (
				839A283526F43C9E005E9EF1 /* RemoteScreenTests.swift */,
			);
			path = UseCases;
			sourceTree = "<group>";
		};
		839A283726F43CAE005E9EF1 /* Http */ = {
			isa = PBXGroup;
			children = (
				839A283826F43CBF005E9EF1 /* HttpClientSpy.swift */,
			);
			path = Http;
			sourceTree = "<group>";
		};
		839A283A26F441B5005E9EF1 /* MockFactories */ = {
			isa = PBXGroup;
			children = (
				839A283B26F441D0005E9EF1 /* BeagleComponentMockFactories.swift */,
			);
			path = MockFactories;
			sourceTree = "<group>";
		};
		83D9648126F7C0AC007FF665 /* Screen */ = {
			isa = PBXGroup;
			children = (
				83D9648326F7C0CF007FF665 /* Screen.swift */,
			);
			path = Screen;
			sourceTree = "<group>";
		};
		83D9648226F7C0B0007FF665 /* ViewController */ = {
			isa = PBXGroup;
			children = (
				83481E4D26F5A6E000DC2EC0 /* ScreenViewController.swift */,
			);
			path = ViewController;
			sourceTree = "<group>";
		};
/* End PBXGroup section */

/* Begin PBXHeadersBuildPhase section */
		83481DDF26F5756700DC2EC0 /* Headers */ = {
			isa = PBXHeadersBuildPhase;
			buildActionMask = 2147483647;
			files = (
			);
			runOnlyForDeploymentPostprocessing = 0;
		};
		83481E1926F5987900DC2EC0 /* Headers */ = {
			isa = PBXHeadersBuildPhase;
			buildActionMask = 2147483647;
			files = (
			);
			runOnlyForDeploymentPostprocessing = 0;
		};
		8370C07D26F10EF4005FFBFC /* Headers */ = {
			isa = PBXHeadersBuildPhase;
			buildActionMask = 2147483647;
			files = (
			);
			runOnlyForDeploymentPostprocessing = 0;
		};
		8370C09F26F10F59005FFBFC /* Headers */ = {
			isa = PBXHeadersBuildPhase;
			buildActionMask = 2147483647;
			files = (
			);
			runOnlyForDeploymentPostprocessing = 0;
		};
		8370C0C226F111D7005FFBFC /* Headers */ = {
			isa = PBXHeadersBuildPhase;
			buildActionMask = 2147483647;
			files = (
			);
			runOnlyForDeploymentPostprocessing = 0;
		};
/* End PBXHeadersBuildPhase section */

/* Begin PBXNativeTarget section */
		83019C7026F80001005880B7 /* Main */ = {
			isa = PBXNativeTarget;
			buildConfigurationList = 83019C9826F80003005880B7 /* Build configuration list for PBXNativeTarget "Main" */;
			buildPhases = (
				83019C6D26F80001005880B7 /* Sources */,
				83019C6E26F80001005880B7 /* Frameworks */,
				83019C6F26F80001005880B7 /* Resources */,
			);
			buildRules = (
			);
			dependencies = (
			);
			name = Main;
			productName = Main;
			productReference = 83019C7126F80001005880B7 /* Main.app */;
			productType = "com.apple.product-type.application";
		};
		83019C8526F80003005880B7 /* MainTests */ = {
			isa = PBXNativeTarget;
			buildConfigurationList = 83019C9B26F80003005880B7 /* Build configuration list for PBXNativeTarget "MainTests" */;
			buildPhases = (
				83019C8226F80003005880B7 /* Sources */,
				83019C8326F80003005880B7 /* Frameworks */,
				83019C8426F80003005880B7 /* Resources */,
			);
			buildRules = (
			);
			dependencies = (
				83019C8826F80003005880B7 /* PBXTargetDependency */,
			);
			name = MainTests;
			productName = MainTests;
			productReference = 83019C8626F80003005880B7 /* MainTests.xctest */;
			productType = "com.apple.product-type.bundle.unit-test";
		};
		83481DA026F55E4D00DC2EC0 /* IntegrationTests */ = {
			isa = PBXNativeTarget;
			buildConfigurationList = 83481DA826F55E4D00DC2EC0 /* Build configuration list for PBXNativeTarget "IntegrationTests" */;
			buildPhases = (
				83481D9D26F55E4D00DC2EC0 /* Sources */,
				83481D9E26F55E4D00DC2EC0 /* Frameworks */,
				83481D9F26F55E4D00DC2EC0 /* Resources */,
			);
			buildRules = (
			);
			dependencies = (
			);
			name = IntegrationTests;
			productName = IntegrationTests;
			productReference = 83481DA126F55E4D00DC2EC0 /* IntegrationTests.xctest */;
			productType = "com.apple.product-type.bundle.unit-test";
		};
		83481DE326F5756700DC2EC0 /* Presentation */ = {
			isa = PBXNativeTarget;
			buildConfigurationList = 83481DF526F5756800DC2EC0 /* Build configuration list for PBXNativeTarget "Presentation" */;
			buildPhases = (
				83481DDF26F5756700DC2EC0 /* Headers */,
				83481DE026F5756700DC2EC0 /* Sources */,
				83481DE126F5756700DC2EC0 /* Frameworks */,
				83481DE226F5756700DC2EC0 /* Resources */,
				83481E0926F5760400DC2EC0 /* Embed Frameworks */,
			);
			buildRules = (
			);
			dependencies = (
				83481E0826F5760400DC2EC0 /* PBXTargetDependency */,
			);
			name = Presentation;
			productName = Presentation;
			productReference = 83481DE426F5756700DC2EC0 /* Presentation.framework */;
			productType = "com.apple.product-type.framework";
		};
		83481DEB26F5756800DC2EC0 /* PresentationTests */ = {
			isa = PBXNativeTarget;
			buildConfigurationList = 83481DF826F5756800DC2EC0 /* Build configuration list for PBXNativeTarget "PresentationTests" */;
			buildPhases = (
				83481DE826F5756800DC2EC0 /* Sources */,
				83481DE926F5756800DC2EC0 /* Frameworks */,
				83481DEA26F5756800DC2EC0 /* Resources */,
			);
			buildRules = (
			);
			dependencies = (
				83481DEF26F5756800DC2EC0 /* PBXTargetDependency */,
			);
			name = PresentationTests;
			productName = PresentationTests;
			productReference = 83481DEC26F5756800DC2EC0 /* PresentationTests.xctest */;
			productType = "com.apple.product-type.bundle.unit-test";
		};
		83481E1D26F5987900DC2EC0 /* UI */ = {
			isa = PBXNativeTarget;
			buildConfigurationList = 83481E2F26F5987A00DC2EC0 /* Build configuration list for PBXNativeTarget "UI" */;
			buildPhases = (
				83481E1926F5987900DC2EC0 /* Headers */,
				83481E1A26F5987900DC2EC0 /* Sources */,
				83481E1B26F5987900DC2EC0 /* Frameworks */,
				83481E1C26F5987900DC2EC0 /* Resources */,
				83481E4C26F59CBD00DC2EC0 /* Embed Frameworks */,
			);
			buildRules = (
			);
			dependencies = (
				83481E4B26F59CBD00DC2EC0 /* PBXTargetDependency */,
			);
			name = UI;
			productName = UI;
			productReference = 83481E1E26F5987900DC2EC0 /* UI.framework */;
			productType = "com.apple.product-type.framework";
		};
		83481E2526F5987A00DC2EC0 /* UITests */ = {
			isa = PBXNativeTarget;
			buildConfigurationList = 83481E3226F5987A00DC2EC0 /* Build configuration list for PBXNativeTarget "UITests" */;
			buildPhases = (
				83481E2226F5987A00DC2EC0 /* Sources */,
				83481E2326F5987A00DC2EC0 /* Frameworks */,
				83481E2426F5987A00DC2EC0 /* Resources */,
			);
			buildRules = (
			);
			dependencies = (
				83481E2926F5987A00DC2EC0 /* PBXTargetDependency */,
			);
			name = UITests;
			productName = UITests;
			productReference = 83481E2626F5987A00DC2EC0 /* UITests.xctest */;
			productType = "com.apple.product-type.bundle.unit-test";
		};
		8370C08126F10EF4005FFBFC /* Data */ = {
			isa = PBXNativeTarget;
			buildConfigurationList = 8370C09326F10EF4005FFBFC /* Build configuration list for PBXNativeTarget "Data" */;
			buildPhases = (
				8370C07D26F10EF4005FFBFC /* Headers */,
				8370C07E26F10EF4005FFBFC /* Sources */,
				8370C07F26F10EF4005FFBFC /* Frameworks */,
				8370C08026F10EF4005FFBFC /* Resources */,
				8370C0E326F111E3005FFBFC /* Embed Frameworks */,
			);
			buildRules = (
			);
			dependencies = (
				8370C0E226F111E3005FFBFC /* PBXTargetDependency */,
			);
			name = Data;
			packageProductDependencies = (
			);
			productName = Data;
			productReference = 8370C08226F10EF4005FFBFC /* Data.framework */;
			productType = "com.apple.product-type.framework";
		};
		8370C08926F10EF4005FFBFC /* DataTests */ = {
			isa = PBXNativeTarget;
			buildConfigurationList = 8370C09626F10EF4005FFBFC /* Build configuration list for PBXNativeTarget "DataTests" */;
			buildPhases = (
				8370C08626F10EF4005FFBFC /* Sources */,
				8370C08726F10EF4005FFBFC /* Frameworks */,
				8370C08826F10EF4005FFBFC /* Resources */,
			);
			buildRules = (
			);
			dependencies = (
				8370C08D26F10EF4005FFBFC /* PBXTargetDependency */,
			);
			name = DataTests;
			packageProductDependencies = (
				8370C10426F1146A005FFBFC /* Fakery */,
			);
			productName = DataTests;
			productReference = 8370C08A26F10EF4005FFBFC /* DataTests.xctest */;
			productType = "com.apple.product-type.bundle.unit-test";
		};
		8370C0A326F10F59005FFBFC /* Domain */ = {
			isa = PBXNativeTarget;
			buildConfigurationList = 8370C0B526F10F59005FFBFC /* Build configuration list for PBXNativeTarget "Domain" */;
			buildPhases = (
				8370C09F26F10F59005FFBFC /* Headers */,
				8370C0A026F10F59005FFBFC /* Sources */,
				8370C0A126F10F59005FFBFC /* Frameworks */,
				8370C0A226F10F59005FFBFC /* Resources */,
			);
			buildRules = (
			);
			dependencies = (
			);
			name = Domain;
			productName = Domain;
			productReference = 8370C0A426F10F59005FFBFC /* Domain.framework */;
			productType = "com.apple.product-type.framework";
		};
		8370C0C626F111D7005FFBFC /* Infra */ = {
			isa = PBXNativeTarget;
			buildConfigurationList = 8370C0D826F111D8005FFBFC /* Build configuration list for PBXNativeTarget "Infra" */;
			buildPhases = (
				8370C0C226F111D7005FFBFC /* Headers */,
				8370C0C326F111D7005FFBFC /* Sources */,
				8370C0C426F111D7005FFBFC /* Frameworks */,
				8370C0C526F111D7005FFBFC /* Resources */,
				8370C0E826F111EB005FFBFC /* Embed Frameworks */,
			);
			buildRules = (
			);
			dependencies = (
				8370C0E726F111EB005FFBFC /* PBXTargetDependency */,
				8370C0F026F1122D005FFBFC /* PBXTargetDependency */,
			);
			name = Infra;
			packageProductDependencies = (
				8370C11E26F117A2005FFBFC /* Alamofire */,
			);
			productName = Infra;
			productReference = 8370C0C726F111D7005FFBFC /* Infra.framework */;
			productType = "com.apple.product-type.framework";
		};
		8370C0CE26F111D8005FFBFC /* InfraTests */ = {
			isa = PBXNativeTarget;
			buildConfigurationList = 8370C0DB26F111D8005FFBFC /* Build configuration list for PBXNativeTarget "InfraTests" */;
			buildPhases = (
				8370C0CB26F111D8005FFBFC /* Sources */,
				8370C0CC26F111D8005FFBFC /* Frameworks */,
				8370C0CD26F111D8005FFBFC /* Resources */,
			);
			buildRules = (
			);
			dependencies = (
				8370C0D226F111D8005FFBFC /* PBXTargetDependency */,
			);
			name = InfraTests;
			packageProductDependencies = (
				8370C12626F119AB005FFBFC /* Fakery */,
			);
			productName = InfraTests;
			productReference = 8370C0CF26F111D8005FFBFC /* InfraTests.xctest */;
			productType = "com.apple.product-type.bundle.unit-test";
		};
/* End PBXNativeTarget section */

/* Begin PBXProject section */
		8370C03E26F10E7C005FFBFC /* Project object */ = {
			isa = PBXProject;
			attributes = {
				LastSwiftUpdateCheck = 1250;
				LastUpgradeCheck = 1250;
				TargetAttributes = {
					83019C7026F80001005880B7 = {
						CreatedOnToolsVersion = 12.5.1;
					};
					83019C8526F80003005880B7 = {
						CreatedOnToolsVersion = 12.5.1;
						TestTargetID = 83019C7026F80001005880B7;
					};
					83481DA026F55E4D00DC2EC0 = {
						CreatedOnToolsVersion = 12.5.1;
					};
					83481DE326F5756700DC2EC0 = {
						CreatedOnToolsVersion = 12.5.1;
					};
					83481DEB26F5756800DC2EC0 = {
						CreatedOnToolsVersion = 12.5.1;
					};
					83481E1D26F5987900DC2EC0 = {
						CreatedOnToolsVersion = 12.5.1;
						LastSwiftMigration = 1250;
					};
					83481E2526F5987A00DC2EC0 = {
						CreatedOnToolsVersion = 12.5.1;
						LastSwiftMigration = 1250;
					};
					8370C08126F10EF4005FFBFC = {
						CreatedOnToolsVersion = 12.5.1;
						LastSwiftMigration = 1250;
					};
					8370C08926F10EF4005FFBFC = {
						CreatedOnToolsVersion = 12.5.1;
						LastSwiftMigration = 1250;
					};
					8370C0A326F10F59005FFBFC = {
						CreatedOnToolsVersion = 12.5.1;
						LastSwiftMigration = 1250;
					};
					8370C0C626F111D7005FFBFC = {
						CreatedOnToolsVersion = 12.5.1;
						LastSwiftMigration = 1250;
					};
					8370C0CE26F111D8005FFBFC = {
						CreatedOnToolsVersion = 12.5.1;
						LastSwiftMigration = 1250;
					};
				};
			};
			buildConfigurationList = 8370C04126F10E7C005FFBFC /* Build configuration list for PBXProject "server-driven-ui-ios" */;
			compatibilityVersion = "Xcode 9.3";
			developmentRegion = en;
			hasScannedForEncodings = 0;
			knownRegions = (
				en,
				Base,
			);
			mainGroup = 8370C03D26F10E7C005FFBFC;
			packageReferences = (
				8370C10326F1146A005FFBFC /* XCRemoteSwiftPackageReference "Fakery" */,
				8370C11D26F117A2005FFBFC /* XCRemoteSwiftPackageReference "Alamofire" */,
			);
			productRefGroup = 8370C04826F10E7C005FFBFC /* Products */;
			projectDirPath = "";
			projectRoot = "";
			targets = (
				8370C08126F10EF4005FFBFC /* Data */,
				8370C08926F10EF4005FFBFC /* DataTests */,
				8370C0A326F10F59005FFBFC /* Domain */,
				8370C0C626F111D7005FFBFC /* Infra */,
				8370C0CE26F111D8005FFBFC /* InfraTests */,
				83481DA026F55E4D00DC2EC0 /* IntegrationTests */,
				83481DE326F5756700DC2EC0 /* Presentation */,
				83481DEB26F5756800DC2EC0 /* PresentationTests */,
				83481E1D26F5987900DC2EC0 /* UI */,
				83481E2526F5987A00DC2EC0 /* UITests */,
				83019C7026F80001005880B7 /* Main */,
				83019C8526F80003005880B7 /* MainTests */,
			);
		};
/* End PBXProject section */

/* Begin PBXResourcesBuildPhase section */
		83019C6F26F80001005880B7 /* Resources */ = {
			isa = PBXResourcesBuildPhase;
			buildActionMask = 2147483647;
			files = (
				83019C8026F80002005880B7 /* LaunchScreen.storyboard in Resources */,
				83019C7D26F80002005880B7 /* Assets.xcassets in Resources */,
				83019C7B26F80001005880B7 /* Main.storyboard in Resources */,
			);
			runOnlyForDeploymentPostprocessing = 0;
		};
		83019C8426F80003005880B7 /* Resources */ = {
			isa = PBXResourcesBuildPhase;
			buildActionMask = 2147483647;
			files = (
			);
			runOnlyForDeploymentPostprocessing = 0;
		};
		83481D9F26F55E4D00DC2EC0 /* Resources */ = {
			isa = PBXResourcesBuildPhase;
			buildActionMask = 2147483647;
			files = (
			);
			runOnlyForDeploymentPostprocessing = 0;
		};
		83481DE226F5756700DC2EC0 /* Resources */ = {
			isa = PBXResourcesBuildPhase;
			buildActionMask = 2147483647;
			files = (
			);
			runOnlyForDeploymentPostprocessing = 0;
		};
		83481DEA26F5756800DC2EC0 /* Resources */ = {
			isa = PBXResourcesBuildPhase;
			buildActionMask = 2147483647;
			files = (
			);
			runOnlyForDeploymentPostprocessing = 0;
		};
		83481E1C26F5987900DC2EC0 /* Resources */ = {
			isa = PBXResourcesBuildPhase;
			buildActionMask = 2147483647;
			files = (
			);
			runOnlyForDeploymentPostprocessing = 0;
		};
		83481E2426F5987A00DC2EC0 /* Resources */ = {
			isa = PBXResourcesBuildPhase;
			buildActionMask = 2147483647;
			files = (
			);
			runOnlyForDeploymentPostprocessing = 0;
		};
		8370C08026F10EF4005FFBFC /* Resources */ = {
			isa = PBXResourcesBuildPhase;
			buildActionMask = 2147483647;
			files = (
			);
			runOnlyForDeploymentPostprocessing = 0;
		};
		8370C08826F10EF4005FFBFC /* Resources */ = {
			isa = PBXResourcesBuildPhase;
			buildActionMask = 2147483647;
			files = (
			);
			runOnlyForDeploymentPostprocessing = 0;
		};
		8370C0A226F10F59005FFBFC /* Resources */ = {
			isa = PBXResourcesBuildPhase;
			buildActionMask = 2147483647;
			files = (
			);
			runOnlyForDeploymentPostprocessing = 0;
		};
		8370C0C526F111D7005FFBFC /* Resources */ = {
			isa = PBXResourcesBuildPhase;
			buildActionMask = 2147483647;
			files = (
			);
			runOnlyForDeploymentPostprocessing = 0;
		};
		8370C0CD26F111D8005FFBFC /* Resources */ = {
			isa = PBXResourcesBuildPhase;
			buildActionMask = 2147483647;
			files = (
			);
			runOnlyForDeploymentPostprocessing = 0;
		};
/* End PBXResourcesBuildPhase section */

/* Begin PBXSourcesBuildPhase section */
		83019C6D26F80001005880B7 /* Sources */ = {
			isa = PBXSourcesBuildPhase;
			buildActionMask = 2147483647;
			files = (
				83019C7826F80001005880B7 /* ViewController.swift in Sources */,
				83019C7426F80001005880B7 /* AppDelegate.swift in Sources */,
				83019C7626F80001005880B7 /* SceneDelegate.swift in Sources */,
			);
			runOnlyForDeploymentPostprocessing = 0;
		};
		83019C8226F80003005880B7 /* Sources */ = {
			isa = PBXSourcesBuildPhase;
			buildActionMask = 2147483647;
			files = (
				83019C8B26F80003005880B7 /* MainTests.swift in Sources */,
			);
			runOnlyForDeploymentPostprocessing = 0;
		};
		83481D9D26F55E4D00DC2EC0 /* Sources */ = {
			isa = PBXSourcesBuildPhase;
			buildActionMask = 2147483647;
			files = (
				83481DA426F55E4D00DC2EC0 /* ScreenIntegrationTests.swift in Sources */,
			);
			runOnlyForDeploymentPostprocessing = 0;
		};
		83481DE026F5756700DC2EC0 /* Sources */ = {
			isa = PBXSourcesBuildPhase;
			buildActionMask = 2147483647;
			files = (
				83481E0426F575E200DC2EC0 /* AlertView.swift in Sources */,
				83481E0126F575DA00DC2EC0 /* ScreenPresenter.swift in Sources */,
				83481E0326F575E000DC2EC0 /* LoadingView.swift in Sources */,
				83481E0226F575DD00DC2EC0 /* DisplayScreen.swift in Sources */,
				83481E0026F575D800DC2EC0 /* ScreenRequest.swift in Sources */,
			);
			runOnlyForDeploymentPostprocessing = 0;
		};
		83481DE826F5756800DC2EC0 /* Sources */ = {
			isa = PBXSourcesBuildPhase;
			buildActionMask = 2147483647;
			files = (
				83481E1226F5781B00DC2EC0 /* LoadingViewSpy.swift in Sources */,
				83481E1026F5780B00DC2EC0 /* AlertViewSpy.swift in Sources */,
				83481E1826F590F700DC2EC0 /* BeagleComponentMockFactories.swift in Sources */,
				83481E1626F5799A00DC2EC0 /* TestExtension.swift in Sources */,
				83481DFF26F575BE00DC2EC0 /* ScreenSpy.swift in Sources */,
				83481DFE26F575BA00DC2EC0 /* TestPresentationFactories.swift in Sources */,
				83481E1526F5784200DC2EC0 /* DisplayScreenViewSpy.swift in Sources */,
				83481E0C26F5766000DC2EC0 /* ScreenPresenterTests.swift in Sources */,
			);
			runOnlyForDeploymentPostprocessing = 0;
		};
		83481E1A26F5987900DC2EC0 /* Sources */ = {
			isa = PBXSourcesBuildPhase;
			buildActionMask = 2147483647;
			files = (
				83481E3B26F5990300DC2EC0 /* UIColorExtensions.swift in Sources */,
				83481E4726F59C5400DC2EC0 /* UIViewExtensions.swift in Sources */,
				83481E4E26F5A6E000DC2EC0 /* ScreenViewController.swift in Sources */,
				83481E4226F59AD000DC2EC0 /* ChildBuilder.swift in Sources */,
				83D9648426F7C0CF007FF665 /* Screen.swift in Sources */,
			);
			runOnlyForDeploymentPostprocessing = 0;
		};
		83481E2226F5987A00DC2EC0 /* Sources */ = {
			isa = PBXSourcesBuildPhase;
			buildActionMask = 2147483647;
			files = (
				83019C6B26F7FD17005880B7 /* ScreenViewControllerTests.swift in Sources */,
				83019C6C26F7FE2B005880B7 /* TestExtension.swift in Sources */,
			);
			runOnlyForDeploymentPostprocessing = 0;
		};
		8370C07E26F10EF4005FFBFC /* Sources */ = {
			isa = PBXSourcesBuildPhase;
			buildActionMask = 2147483647;
			files = (
				8370C09B26F10F0B005FFBFC /* HttpClient.swift in Sources */,
				839A283326F439E3005E9EF1 /* RemoteScreen.swift in Sources */,
				8370C09E26F10F3E005FFBFC /* ExtensionHelpers.swift in Sources */,
			);
			runOnlyForDeploymentPostprocessing = 0;
		};
		8370C08626F10EF4005FFBFC /* Sources */ = {
			isa = PBXSourcesBuildPhase;
			buildActionMask = 2147483647;
			files = (
				8370C10A26F114AF005FFBFC /* TestDataFactories.swift in Sources */,
				839A283926F43CBF005E9EF1 /* HttpClientSpy.swift in Sources */,
				839A283C26F441D0005E9EF1 /* BeagleComponentMockFactories.swift in Sources */,
				8370C11026F1157E005FFBFC /* TestExtension.swift in Sources */,
				8370C10826F11487005FFBFC /* FakerFactory.swift in Sources */,
				839A283626F43C9E005E9EF1 /* RemoteScreenTests.swift in Sources */,
				839A281F26F4171D005E9EF1 /* RemoteBeagleTests.swift in Sources */,
			);
			runOnlyForDeploymentPostprocessing = 0;
		};
		8370C0A026F10F59005FFBFC /* Sources */ = {
			isa = PBXSourcesBuildPhase;
			buildActionMask = 2147483647;
			files = (
				8370C10226F113F4005FFBFC /* HttpStatusCode.swift in Sources */,
				839A282526F429D0005E9EF1 /* StyleProperties.swift in Sources */,
				8370C0FE26F113E7005FFBFC /* HttpMethod.swift in Sources */,
				839A282A26F42A8A005E9EF1 /* Children.swift in Sources */,
				8370C0FC26F113C3005FFBFC /* Model.swift in Sources */,
				8370C10026F113EE005FFBFC /* HttpRequest.swift in Sources */,
				8370C0C026F10FBE005FFBFC /* DomainError.swift in Sources */,
				8370C0BD26F10F97005FFBFC /* HttpError.swift in Sources */,
				839A283026F4390D005E9EF1 /* Screen.swift in Sources */,
				839A282726F42A6D005E9EF1 /* Style.swift in Sources */,
				839A282D26F42AA6005E9EF1 /* BeagleComponent.swift in Sources */,
			);
			runOnlyForDeploymentPostprocessing = 0;
		};
		8370C0C326F111D7005FFBFC /* Sources */ = {
			isa = PBXSourcesBuildPhase;
			buildActionMask = 2147483647;
			files = (
				8370C0EC26F11220005FFBFC /* AlamofireAdapter.swift in Sources */,
			);
			runOnlyForDeploymentPostprocessing = 0;
		};
		8370C0CB26F111D8005FFBFC /* Sources */ = {
			isa = PBXSourcesBuildPhase;
			buildActionMask = 2147483647;
			files = (
				8370C10D26F1155D005FFBFC /* TestDataFactories.swift in Sources */,
				8370C11126F11587005FFBFC /* TestExtension.swift in Sources */,
				8370C0F326F1128E005FFBFC /* AlamofireAdapterTests.swift in Sources */,
				8370C0F526F112CE005FFBFC /* UrlProtocolStub.swift in Sources */,
				8370C10C26F1154C005FFBFC /* FakerFactory.swift in Sources */,
			);
			runOnlyForDeploymentPostprocessing = 0;
		};
/* End PBXSourcesBuildPhase section */

/* Begin PBXTargetDependency section */
		83019C8826F80003005880B7 /* PBXTargetDependency */ = {
			isa = PBXTargetDependency;
			target = 83019C7026F80001005880B7 /* Main */;
			targetProxy = 83019C8726F80003005880B7 /* PBXContainerItemProxy */;
		};
		83481DEF26F5756800DC2EC0 /* PBXTargetDependency */ = {
			isa = PBXTargetDependency;
			target = 83481DE326F5756700DC2EC0 /* Presentation */;
			targetProxy = 83481DEE26F5756800DC2EC0 /* PBXContainerItemProxy */;
		};
		83481E0826F5760400DC2EC0 /* PBXTargetDependency */ = {
			isa = PBXTargetDependency;
			target = 8370C0A326F10F59005FFBFC /* Domain */;
			targetProxy = 83481E0726F5760400DC2EC0 /* PBXContainerItemProxy */;
		};
		83481E2926F5987A00DC2EC0 /* PBXTargetDependency */ = {
			isa = PBXTargetDependency;
			target = 83481E1D26F5987900DC2EC0 /* UI */;
			targetProxy = 83481E2826F5987A00DC2EC0 /* PBXContainerItemProxy */;
		};
		83481E4B26F59CBD00DC2EC0 /* PBXTargetDependency */ = {
			isa = PBXTargetDependency;
			target = 83481DE326F5756700DC2EC0 /* Presentation */;
			targetProxy = 83481E4A26F59CBD00DC2EC0 /* PBXContainerItemProxy */;
		};
		8370C08D26F10EF4005FFBFC /* PBXTargetDependency */ = {
			isa = PBXTargetDependency;
			target = 8370C08126F10EF4005FFBFC /* Data */;
			targetProxy = 8370C08C26F10EF4005FFBFC /* PBXContainerItemProxy */;
		};
		8370C0D226F111D8005FFBFC /* PBXTargetDependency */ = {
			isa = PBXTargetDependency;
			target = 8370C0C626F111D7005FFBFC /* Infra */;
			targetProxy = 8370C0D126F111D8005FFBFC /* PBXContainerItemProxy */;
		};
		8370C0E226F111E3005FFBFC /* PBXTargetDependency */ = {
			isa = PBXTargetDependency;
			target = 8370C0A326F10F59005FFBFC /* Domain */;
			targetProxy = 8370C0E126F111E3005FFBFC /* PBXContainerItemProxy */;
		};
		8370C0E726F111EB005FFBFC /* PBXTargetDependency */ = {
			isa = PBXTargetDependency;
			target = 8370C08126F10EF4005FFBFC /* Data */;
			targetProxy = 8370C0E626F111EB005FFBFC /* PBXContainerItemProxy */;
		};
		8370C0F026F1122D005FFBFC /* PBXTargetDependency */ = {
			isa = PBXTargetDependency;
			target = 8370C0A326F10F59005FFBFC /* Domain */;
			targetProxy = 8370C0EF26F1122D005FFBFC /* PBXContainerItemProxy */;
		};
/* End PBXTargetDependency section */

/* Begin PBXVariantGroup section */
		83019C7926F80001005880B7 /* Main.storyboard */ = {
			isa = PBXVariantGroup;
			children = (
				83019C7A26F80001005880B7 /* Base */,
			);
			name = Main.storyboard;
			sourceTree = "<group>";
		};
		83019C7E26F80002005880B7 /* LaunchScreen.storyboard */ = {
			isa = PBXVariantGroup;
			children = (
				83019C7F26F80002005880B7 /* Base */,
			);
			name = LaunchScreen.storyboard;
			sourceTree = "<group>";
		};
/* End PBXVariantGroup section */

/* Begin XCBuildConfiguration section */
		83019C9926F80003005880B7 /* Debug */ = {
			isa = XCBuildConfiguration;
			buildSettings = {
				ASSETCATALOG_COMPILER_APPICON_NAME = AppIcon;
				ASSETCATALOG_COMPILER_GLOBAL_ACCENT_COLOR_NAME = AccentColor;
				CODE_SIGN_STYLE = Automatic;
				DEVELOPMENT_TEAM = 2NP7EFFGEA;
				INFOPLIST_FILE = Main/Info.plist;
				IPHONEOS_DEPLOYMENT_TARGET = 14.5;
				LD_RUNPATH_SEARCH_PATHS = (
					"$(inherited)",
					"@executable_path/Frameworks",
				);
				PRODUCT_BUNDLE_IDENTIFIER = br.com.thiago.Main;
				PRODUCT_NAME = "$(TARGET_NAME)";
				SDKROOT = iphoneos;
				SWIFT_VERSION = 5.0;
				TARGETED_DEVICE_FAMILY = "1,2";
			};
			name = Debug;
		};
		83019C9A26F80003005880B7 /* Release */ = {
			isa = XCBuildConfiguration;
			buildSettings = {
				ASSETCATALOG_COMPILER_APPICON_NAME = AppIcon;
				ASSETCATALOG_COMPILER_GLOBAL_ACCENT_COLOR_NAME = AccentColor;
				CODE_SIGN_STYLE = Automatic;
				DEVELOPMENT_TEAM = 2NP7EFFGEA;
				INFOPLIST_FILE = Main/Info.plist;
				IPHONEOS_DEPLOYMENT_TARGET = 14.5;
				LD_RUNPATH_SEARCH_PATHS = (
					"$(inherited)",
					"@executable_path/Frameworks",
				);
				PRODUCT_BUNDLE_IDENTIFIER = br.com.thiago.Main;
				PRODUCT_NAME = "$(TARGET_NAME)";
				SDKROOT = iphoneos;
				SWIFT_VERSION = 5.0;
				TARGETED_DEVICE_FAMILY = "1,2";
				VALIDATE_PRODUCT = YES;
			};
			name = Release;
		};
		83019C9C26F80003005880B7 /* Debug */ = {
			isa = XCBuildConfiguration;
			buildSettings = {
				ALWAYS_EMBED_SWIFT_STANDARD_LIBRARIES = YES;
				BUNDLE_LOADER = "$(TEST_HOST)";
				CODE_SIGN_STYLE = Automatic;
				DEVELOPMENT_TEAM = 2NP7EFFGEA;
				INFOPLIST_FILE = MainTests/Info.plist;
				IPHONEOS_DEPLOYMENT_TARGET = 14.5;
				LD_RUNPATH_SEARCH_PATHS = (
					"$(inherited)",
					"@executable_path/Frameworks",
					"@loader_path/Frameworks",
				);
				PRODUCT_BUNDLE_IDENTIFIER = br.com.thiago.MainTests;
				PRODUCT_NAME = "$(TARGET_NAME)";
				SDKROOT = iphoneos;
				SWIFT_VERSION = 5.0;
				TARGETED_DEVICE_FAMILY = "1,2";
				TEST_HOST = "$(BUILT_PRODUCTS_DIR)/Main.app/Main";
			};
			name = Debug;
		};
		83019C9D26F80003005880B7 /* Release */ = {
			isa = XCBuildConfiguration;
			buildSettings = {
				ALWAYS_EMBED_SWIFT_STANDARD_LIBRARIES = YES;
				BUNDLE_LOADER = "$(TEST_HOST)";
				CODE_SIGN_STYLE = Automatic;
				DEVELOPMENT_TEAM = 2NP7EFFGEA;
				INFOPLIST_FILE = MainTests/Info.plist;
				IPHONEOS_DEPLOYMENT_TARGET = 14.5;
				LD_RUNPATH_SEARCH_PATHS = (
					"$(inherited)",
					"@executable_path/Frameworks",
					"@loader_path/Frameworks",
				);
				PRODUCT_BUNDLE_IDENTIFIER = br.com.thiago.MainTests;
				PRODUCT_NAME = "$(TARGET_NAME)";
				SDKROOT = iphoneos;
				SWIFT_VERSION = 5.0;
				TARGETED_DEVICE_FAMILY = "1,2";
				TEST_HOST = "$(BUILT_PRODUCTS_DIR)/Main.app/Main";
				VALIDATE_PRODUCT = YES;
			};
			name = Release;
		};
		83481DA626F55E4D00DC2EC0 /* Debug */ = {
			isa = XCBuildConfiguration;
			buildSettings = {
				CODE_SIGN_STYLE = Automatic;
				COMBINE_HIDPI_IMAGES = YES;
				DEVELOPMENT_TEAM = 2NP7EFFGEA;
				INFOPLIST_FILE = IntegrationTests/Info.plist;
				LD_RUNPATH_SEARCH_PATHS = (
					"$(inherited)",
					"@executable_path/../Frameworks",
					"@loader_path/../Frameworks",
				);
				PRODUCT_BUNDLE_IDENTIFIER = br.com.thiago.IntegrationTests;
				PRODUCT_NAME = "$(TARGET_NAME)";
				SUPPORTED_PLATFORMS = "iphonesimulator iphoneos";
				SWIFT_VERSION = 5.0;
			};
			name = Debug;
		};
		83481DA726F55E4D00DC2EC0 /* Release */ = {
			isa = XCBuildConfiguration;
			buildSettings = {
				CODE_SIGN_STYLE = Automatic;
				COMBINE_HIDPI_IMAGES = YES;
				DEVELOPMENT_TEAM = 2NP7EFFGEA;
				INFOPLIST_FILE = IntegrationTests/Info.plist;
				LD_RUNPATH_SEARCH_PATHS = (
					"$(inherited)",
					"@executable_path/../Frameworks",
					"@loader_path/../Frameworks",
				);
				PRODUCT_BUNDLE_IDENTIFIER = br.com.thiago.IntegrationTests;
				PRODUCT_NAME = "$(TARGET_NAME)";
				SUPPORTED_PLATFORMS = "iphonesimulator iphoneos";
				SWIFT_VERSION = 5.0;
			};
			name = Release;
		};
		83481DF626F5756800DC2EC0 /* Debug */ = {
			isa = XCBuildConfiguration;
			buildSettings = {
				CODE_SIGN_STYLE = Automatic;
				COMBINE_HIDPI_IMAGES = YES;
				DEFINES_MODULE = YES;
				DEVELOPMENT_TEAM = 2NP7EFFGEA;
				DYLIB_COMPATIBILITY_VERSION = 1;
				DYLIB_CURRENT_VERSION = 1;
				DYLIB_INSTALL_NAME_BASE = "@rpath";
				INFOPLIST_FILE = Presentation/Info.plist;
				INSTALL_PATH = "$(LOCAL_LIBRARY_DIR)/Frameworks";
				LD_RUNPATH_SEARCH_PATHS = (
					"$(inherited)",
					"@executable_path/../Frameworks",
					"@loader_path/Frameworks",
				);
				PRODUCT_BUNDLE_IDENTIFIER = br.com.thiago.Presentation;
				PRODUCT_NAME = "$(TARGET_NAME:c99extidentifier)";
				SKIP_INSTALL = YES;
				SUPPORTED_PLATFORMS = "iphonesimulator iphoneos";
				SWIFT_VERSION = 5.0;
			};
			name = Debug;
		};
		83481DF726F5756800DC2EC0 /* Release */ = {
			isa = XCBuildConfiguration;
			buildSettings = {
				CODE_SIGN_STYLE = Automatic;
				COMBINE_HIDPI_IMAGES = YES;
				DEFINES_MODULE = YES;
				DEVELOPMENT_TEAM = 2NP7EFFGEA;
				DYLIB_COMPATIBILITY_VERSION = 1;
				DYLIB_CURRENT_VERSION = 1;
				DYLIB_INSTALL_NAME_BASE = "@rpath";
				INFOPLIST_FILE = Presentation/Info.plist;
				INSTALL_PATH = "$(LOCAL_LIBRARY_DIR)/Frameworks";
				LD_RUNPATH_SEARCH_PATHS = (
					"$(inherited)",
					"@executable_path/../Frameworks",
					"@loader_path/Frameworks",
				);
				PRODUCT_BUNDLE_IDENTIFIER = br.com.thiago.Presentation;
				PRODUCT_NAME = "$(TARGET_NAME:c99extidentifier)";
				SKIP_INSTALL = YES;
				SUPPORTED_PLATFORMS = "iphonesimulator iphoneos";
				SWIFT_VERSION = 5.0;
			};
			name = Release;
		};
		83481DF926F5756800DC2EC0 /* Debug */ = {
			isa = XCBuildConfiguration;
			buildSettings = {
				ALWAYS_EMBED_SWIFT_STANDARD_LIBRARIES = YES;
				CODE_SIGN_STYLE = Automatic;
				COMBINE_HIDPI_IMAGES = YES;
				DEVELOPMENT_TEAM = 2NP7EFFGEA;
				INFOPLIST_FILE = PresentationTests/Info.plist;
				LD_RUNPATH_SEARCH_PATHS = (
					"$(inherited)",
					"@executable_path/../Frameworks",
					"@loader_path/../Frameworks",
				);
				PRODUCT_BUNDLE_IDENTIFIER = br.com.thiago.PresentationTests;
				PRODUCT_NAME = "$(TARGET_NAME)";
				SUPPORTED_PLATFORMS = "iphonesimulator iphoneos";
				SWIFT_VERSION = 5.0;
			};
			name = Debug;
		};
		83481DFA26F5756800DC2EC0 /* Release */ = {
			isa = XCBuildConfiguration;
			buildSettings = {
				ALWAYS_EMBED_SWIFT_STANDARD_LIBRARIES = YES;
				CODE_SIGN_STYLE = Automatic;
				COMBINE_HIDPI_IMAGES = YES;
				DEVELOPMENT_TEAM = 2NP7EFFGEA;
				INFOPLIST_FILE = PresentationTests/Info.plist;
				LD_RUNPATH_SEARCH_PATHS = (
					"$(inherited)",
					"@executable_path/../Frameworks",
					"@loader_path/../Frameworks",
				);
				PRODUCT_BUNDLE_IDENTIFIER = br.com.thiago.PresentationTests;
				PRODUCT_NAME = "$(TARGET_NAME)";
				SUPPORTED_PLATFORMS = "iphonesimulator iphoneos";
				SWIFT_VERSION = 5.0;
			};
			name = Release;
		};
		83481E3026F5987A00DC2EC0 /* Debug */ = {
			isa = XCBuildConfiguration;
			buildSettings = {
				CLANG_ENABLE_MODULES = YES;
				CODE_SIGN_STYLE = Automatic;
				COMBINE_HIDPI_IMAGES = YES;
				DEFINES_MODULE = YES;
				DEVELOPMENT_TEAM = 2NP7EFFGEA;
				DYLIB_COMPATIBILITY_VERSION = 1;
				DYLIB_CURRENT_VERSION = 1;
				DYLIB_INSTALL_NAME_BASE = "@rpath";
				INFOPLIST_FILE = UI/Info.plist;
				INSTALL_PATH = "$(LOCAL_LIBRARY_DIR)/Frameworks";
				LD_RUNPATH_SEARCH_PATHS = (
					"$(inherited)",
					"@executable_path/../Frameworks",
					"@loader_path/Frameworks",
				);
				PRODUCT_BUNDLE_IDENTIFIER = br.com.thiago.UI;
				PRODUCT_NAME = "$(TARGET_NAME:c99extidentifier)";
				SKIP_INSTALL = YES;
				SUPPORTED_PLATFORMS = "iphonesimulator iphoneos";
				SWIFT_OPTIMIZATION_LEVEL = "-Onone";
				SWIFT_VERSION = 5.0;
			};
			name = Debug;
		};
		83481E3126F5987A00DC2EC0 /* Release */ = {
			isa = XCBuildConfiguration;
			buildSettings = {
				CLANG_ENABLE_MODULES = YES;
				CODE_SIGN_STYLE = Automatic;
				COMBINE_HIDPI_IMAGES = YES;
				DEFINES_MODULE = YES;
				DEVELOPMENT_TEAM = 2NP7EFFGEA;
				DYLIB_COMPATIBILITY_VERSION = 1;
				DYLIB_CURRENT_VERSION = 1;
				DYLIB_INSTALL_NAME_BASE = "@rpath";
				INFOPLIST_FILE = UI/Info.plist;
				INSTALL_PATH = "$(LOCAL_LIBRARY_DIR)/Frameworks";
				LD_RUNPATH_SEARCH_PATHS = (
					"$(inherited)",
					"@executable_path/../Frameworks",
					"@loader_path/Frameworks",
				);
				PRODUCT_BUNDLE_IDENTIFIER = br.com.thiago.UI;
				PRODUCT_NAME = "$(TARGET_NAME:c99extidentifier)";
				SKIP_INSTALL = YES;
				SUPPORTED_PLATFORMS = "iphonesimulator iphoneos";
				SWIFT_VERSION = 5.0;
			};
			name = Release;
		};
		83481E3326F5987A00DC2EC0 /* Debug */ = {
			isa = XCBuildConfiguration;
			buildSettings = {
				ALWAYS_EMBED_SWIFT_STANDARD_LIBRARIES = YES;
				CLANG_ENABLE_MODULES = YES;
				CODE_SIGN_STYLE = Automatic;
				COMBINE_HIDPI_IMAGES = YES;
				DEVELOPMENT_TEAM = 2NP7EFFGEA;
				INFOPLIST_FILE = UITests/Info.plist;
				LD_RUNPATH_SEARCH_PATHS = (
					"$(inherited)",
					"@executable_path/../Frameworks",
					"@loader_path/../Frameworks",
				);
				PRODUCT_BUNDLE_IDENTIFIER = br.com.thiago.UITests;
				PRODUCT_NAME = "$(TARGET_NAME)";
				SUPPORTED_PLATFORMS = "iphonesimulator iphoneos";
				SWIFT_OPTIMIZATION_LEVEL = "-Onone";
				SWIFT_VERSION = 5.0;
			};
			name = Debug;
		};
		83481E3426F5987A00DC2EC0 /* Release */ = {
			isa = XCBuildConfiguration;
			buildSettings = {
				ALWAYS_EMBED_SWIFT_STANDARD_LIBRARIES = YES;
				CLANG_ENABLE_MODULES = YES;
				CODE_SIGN_STYLE = Automatic;
				COMBINE_HIDPI_IMAGES = YES;
				DEVELOPMENT_TEAM = 2NP7EFFGEA;
				INFOPLIST_FILE = UITests/Info.plist;
				LD_RUNPATH_SEARCH_PATHS = (
					"$(inherited)",
					"@executable_path/../Frameworks",
					"@loader_path/../Frameworks",
				);
				PRODUCT_BUNDLE_IDENTIFIER = br.com.thiago.UITests;
				PRODUCT_NAME = "$(TARGET_NAME)";
				SUPPORTED_PLATFORMS = "iphonesimulator iphoneos";
				SWIFT_VERSION = 5.0;
			};
			name = Release;
		};
		8370C05926F10E7D005FFBFC /* Debug */ = {
			isa = XCBuildConfiguration;
			buildSettings = {
				ALWAYS_SEARCH_USER_PATHS = NO;
				CLANG_ANALYZER_NONNULL = YES;
				CLANG_ANALYZER_NUMBER_OBJECT_CONVERSION = YES_AGGRESSIVE;
				CLANG_CXX_LANGUAGE_STANDARD = "gnu++14";
				CLANG_CXX_LIBRARY = "libc++";
				CLANG_ENABLE_MODULES = YES;
				CLANG_ENABLE_OBJC_ARC = YES;
				CLANG_ENABLE_OBJC_WEAK = YES;
				CLANG_WARN_BLOCK_CAPTURE_AUTORELEASING = YES;
				CLANG_WARN_BOOL_CONVERSION = YES;
				CLANG_WARN_COMMA = YES;
				CLANG_WARN_CONSTANT_CONVERSION = YES;
				CLANG_WARN_DEPRECATED_OBJC_IMPLEMENTATIONS = YES;
				CLANG_WARN_DIRECT_OBJC_ISA_USAGE = YES_ERROR;
				CLANG_WARN_DOCUMENTATION_COMMENTS = YES;
				CLANG_WARN_EMPTY_BODY = YES;
				CLANG_WARN_ENUM_CONVERSION = YES;
				CLANG_WARN_INFINITE_RECURSION = YES;
				CLANG_WARN_INT_CONVERSION = YES;
				CLANG_WARN_NON_LITERAL_NULL_CONVERSION = YES;
				CLANG_WARN_OBJC_IMPLICIT_RETAIN_SELF = YES;
				CLANG_WARN_OBJC_LITERAL_CONVERSION = YES;
				CLANG_WARN_OBJC_ROOT_CLASS = YES_ERROR;
				CLANG_WARN_QUOTED_INCLUDE_IN_FRAMEWORK_HEADER = YES;
				CLANG_WARN_RANGE_LOOP_ANALYSIS = YES;
				CLANG_WARN_STRICT_PROTOTYPES = YES;
				CLANG_WARN_SUSPICIOUS_MOVE = YES;
				CLANG_WARN_UNGUARDED_AVAILABILITY = YES_AGGRESSIVE;
				CLANG_WARN_UNREACHABLE_CODE = YES;
				CLANG_WARN__DUPLICATE_METHOD_MATCH = YES;
				COPY_PHASE_STRIP = NO;
				CURRENT_PROJECT_VERSION = 1;
				DEBUG_INFORMATION_FORMAT = dwarf;
				ENABLE_STRICT_OBJC_MSGSEND = YES;
				ENABLE_TESTABILITY = YES;
				GCC_C_LANGUAGE_STANDARD = gnu11;
				GCC_DYNAMIC_NO_PIC = NO;
				GCC_NO_COMMON_BLOCKS = YES;
				GCC_OPTIMIZATION_LEVEL = 0;
				GCC_PREPROCESSOR_DEFINITIONS = (
					"DEBUG=1",
					"$(inherited)",
				);
				GCC_WARN_64_TO_32_BIT_CONVERSION = YES;
				GCC_WARN_ABOUT_RETURN_TYPE = YES_ERROR;
				GCC_WARN_UNDECLARED_SELECTOR = YES;
				GCC_WARN_UNINITIALIZED_AUTOS = YES_AGGRESSIVE;
				GCC_WARN_UNUSED_FUNCTION = YES;
				GCC_WARN_UNUSED_VARIABLE = YES;
				MACOSX_DEPLOYMENT_TARGET = 11.3;
				MTL_ENABLE_DEBUG_INFO = INCLUDE_SOURCE;
				MTL_FAST_MATH = YES;
				ONLY_ACTIVE_ARCH = YES;
				SDKROOT = macosx;
				SUPPORTED_PLATFORMS = "iphonesimulator iphoneos";
				SWIFT_ACTIVE_COMPILATION_CONDITIONS = DEBUG;
				SWIFT_OPTIMIZATION_LEVEL = "-Onone";
				VERSIONING_SYSTEM = "apple-generic";
				VERSION_INFO_PREFIX = "";
			};
			name = Debug;
		};
		8370C05A26F10E7D005FFBFC /* Release */ = {
			isa = XCBuildConfiguration;
			buildSettings = {
				ALWAYS_SEARCH_USER_PATHS = NO;
				CLANG_ANALYZER_NONNULL = YES;
				CLANG_ANALYZER_NUMBER_OBJECT_CONVERSION = YES_AGGRESSIVE;
				CLANG_CXX_LANGUAGE_STANDARD = "gnu++14";
				CLANG_CXX_LIBRARY = "libc++";
				CLANG_ENABLE_MODULES = YES;
				CLANG_ENABLE_OBJC_ARC = YES;
				CLANG_ENABLE_OBJC_WEAK = YES;
				CLANG_WARN_BLOCK_CAPTURE_AUTORELEASING = YES;
				CLANG_WARN_BOOL_CONVERSION = YES;
				CLANG_WARN_COMMA = YES;
				CLANG_WARN_CONSTANT_CONVERSION = YES;
				CLANG_WARN_DEPRECATED_OBJC_IMPLEMENTATIONS = YES;
				CLANG_WARN_DIRECT_OBJC_ISA_USAGE = YES_ERROR;
				CLANG_WARN_DOCUMENTATION_COMMENTS = YES;
				CLANG_WARN_EMPTY_BODY = YES;
				CLANG_WARN_ENUM_CONVERSION = YES;
				CLANG_WARN_INFINITE_RECURSION = YES;
				CLANG_WARN_INT_CONVERSION = YES;
				CLANG_WARN_NON_LITERAL_NULL_CONVERSION = YES;
				CLANG_WARN_OBJC_IMPLICIT_RETAIN_SELF = YES;
				CLANG_WARN_OBJC_LITERAL_CONVERSION = YES;
				CLANG_WARN_OBJC_ROOT_CLASS = YES_ERROR;
				CLANG_WARN_QUOTED_INCLUDE_IN_FRAMEWORK_HEADER = YES;
				CLANG_WARN_RANGE_LOOP_ANALYSIS = YES;
				CLANG_WARN_STRICT_PROTOTYPES = YES;
				CLANG_WARN_SUSPICIOUS_MOVE = YES;
				CLANG_WARN_UNGUARDED_AVAILABILITY = YES_AGGRESSIVE;
				CLANG_WARN_UNREACHABLE_CODE = YES;
				CLANG_WARN__DUPLICATE_METHOD_MATCH = YES;
				COPY_PHASE_STRIP = NO;
				CURRENT_PROJECT_VERSION = 1;
				DEBUG_INFORMATION_FORMAT = "dwarf-with-dsym";
				ENABLE_NS_ASSERTIONS = NO;
				ENABLE_STRICT_OBJC_MSGSEND = YES;
				GCC_C_LANGUAGE_STANDARD = gnu11;
				GCC_NO_COMMON_BLOCKS = YES;
				GCC_WARN_64_TO_32_BIT_CONVERSION = YES;
				GCC_WARN_ABOUT_RETURN_TYPE = YES_ERROR;
				GCC_WARN_UNDECLARED_SELECTOR = YES;
				GCC_WARN_UNINITIALIZED_AUTOS = YES_AGGRESSIVE;
				GCC_WARN_UNUSED_FUNCTION = YES;
				GCC_WARN_UNUSED_VARIABLE = YES;
				MACOSX_DEPLOYMENT_TARGET = 11.3;
				MTL_ENABLE_DEBUG_INFO = NO;
				MTL_FAST_MATH = YES;
				SDKROOT = macosx;
				SUPPORTED_PLATFORMS = "iphonesimulator iphoneos";
				SWIFT_COMPILATION_MODE = wholemodule;
				SWIFT_OPTIMIZATION_LEVEL = "-O";
				VERSIONING_SYSTEM = "apple-generic";
				VERSION_INFO_PREFIX = "";
			};
			name = Release;
		};
		8370C09426F10EF4005FFBFC /* Debug */ = {
			isa = XCBuildConfiguration;
			buildSettings = {
				CLANG_ENABLE_MODULES = YES;
				CODE_SIGN_STYLE = Automatic;
				COMBINE_HIDPI_IMAGES = YES;
				DEFINES_MODULE = YES;
				DEVELOPMENT_TEAM = 2NP7EFFGEA;
				DYLIB_COMPATIBILITY_VERSION = 1;
				DYLIB_CURRENT_VERSION = 1;
				DYLIB_INSTALL_NAME_BASE = "@rpath";
				INFOPLIST_FILE = Data/Info.plist;
				INSTALL_PATH = "$(LOCAL_LIBRARY_DIR)/Frameworks";
				LD_RUNPATH_SEARCH_PATHS = (
					"$(inherited)",
					"@executable_path/../Frameworks",
					"@loader_path/Frameworks",
				);
				PRODUCT_BUNDLE_IDENTIFIER = br.com.thiago.Data;
				PRODUCT_NAME = "$(TARGET_NAME:c99extidentifier)";
				SKIP_INSTALL = YES;
				SUPPORTED_PLATFORMS = "iphonesimulator iphoneos";
				SWIFT_OPTIMIZATION_LEVEL = "-Onone";
				SWIFT_VERSION = 5.0;
			};
			name = Debug;
		};
		8370C09526F10EF4005FFBFC /* Release */ = {
			isa = XCBuildConfiguration;
			buildSettings = {
				CLANG_ENABLE_MODULES = YES;
				CODE_SIGN_STYLE = Automatic;
				COMBINE_HIDPI_IMAGES = YES;
				DEFINES_MODULE = YES;
				DEVELOPMENT_TEAM = 2NP7EFFGEA;
				DYLIB_COMPATIBILITY_VERSION = 1;
				DYLIB_CURRENT_VERSION = 1;
				DYLIB_INSTALL_NAME_BASE = "@rpath";
				INFOPLIST_FILE = Data/Info.plist;
				INSTALL_PATH = "$(LOCAL_LIBRARY_DIR)/Frameworks";
				LD_RUNPATH_SEARCH_PATHS = (
					"$(inherited)",
					"@executable_path/../Frameworks",
					"@loader_path/Frameworks",
				);
				PRODUCT_BUNDLE_IDENTIFIER = br.com.thiago.Data;
				PRODUCT_NAME = "$(TARGET_NAME:c99extidentifier)";
				SKIP_INSTALL = YES;
				SUPPORTED_PLATFORMS = "iphonesimulator iphoneos";
				SWIFT_VERSION = 5.0;
			};
			name = Release;
		};
		8370C09726F10EF4005FFBFC /* Debug */ = {
			isa = XCBuildConfiguration;
			buildSettings = {
				ALWAYS_EMBED_SWIFT_STANDARD_LIBRARIES = YES;
				CLANG_ENABLE_MODULES = YES;
				CODE_SIGN_STYLE = Automatic;
				COMBINE_HIDPI_IMAGES = YES;
				DEVELOPMENT_TEAM = 2NP7EFFGEA;
				INFOPLIST_FILE = DataTests/Info.plist;
				LD_RUNPATH_SEARCH_PATHS = (
					"$(inherited)",
					"@executable_path/../Frameworks",
					"@loader_path/../Frameworks",
				);
				PRODUCT_BUNDLE_IDENTIFIER = br.com.thiago.DataTests;
				PRODUCT_NAME = "$(TARGET_NAME)";
				SUPPORTED_PLATFORMS = "iphonesimulator iphoneos";
				SWIFT_OPTIMIZATION_LEVEL = "-Onone";
				SWIFT_VERSION = 5.0;
			};
			name = Debug;
		};
		8370C09826F10EF4005FFBFC /* Release */ = {
			isa = XCBuildConfiguration;
			buildSettings = {
				ALWAYS_EMBED_SWIFT_STANDARD_LIBRARIES = YES;
				CLANG_ENABLE_MODULES = YES;
				CODE_SIGN_STYLE = Automatic;
				COMBINE_HIDPI_IMAGES = YES;
				DEVELOPMENT_TEAM = 2NP7EFFGEA;
				INFOPLIST_FILE = DataTests/Info.plist;
				LD_RUNPATH_SEARCH_PATHS = (
					"$(inherited)",
					"@executable_path/../Frameworks",
					"@loader_path/../Frameworks",
				);
				PRODUCT_BUNDLE_IDENTIFIER = br.com.thiago.DataTests;
				PRODUCT_NAME = "$(TARGET_NAME)";
				SUPPORTED_PLATFORMS = "iphonesimulator iphoneos";
				SWIFT_VERSION = 5.0;
			};
			name = Release;
		};
		8370C0B626F10F59005FFBFC /* Debug */ = {
			isa = XCBuildConfiguration;
			buildSettings = {
				CLANG_ENABLE_MODULES = YES;
				CODE_SIGN_STYLE = Automatic;
				COMBINE_HIDPI_IMAGES = YES;
				DEFINES_MODULE = YES;
				DEVELOPMENT_TEAM = 2NP7EFFGEA;
				DYLIB_COMPATIBILITY_VERSION = 1;
				DYLIB_CURRENT_VERSION = 1;
				DYLIB_INSTALL_NAME_BASE = "@rpath";
				INFOPLIST_FILE = Domain/Info.plist;
				INSTALL_PATH = "$(LOCAL_LIBRARY_DIR)/Frameworks";
				LD_RUNPATH_SEARCH_PATHS = (
					"$(inherited)",
					"@executable_path/../Frameworks",
					"@loader_path/Frameworks",
				);
				PRODUCT_BUNDLE_IDENTIFIER = br.com.thiago.Domain;
				PRODUCT_NAME = "$(TARGET_NAME:c99extidentifier)";
				SKIP_INSTALL = YES;
				SUPPORTED_PLATFORMS = "iphonesimulator iphoneos";
				SWIFT_OPTIMIZATION_LEVEL = "-Onone";
				SWIFT_VERSION = 5.0;
			};
			name = Debug;
		};
		8370C0B726F10F59005FFBFC /* Release */ = {
			isa = XCBuildConfiguration;
			buildSettings = {
				CLANG_ENABLE_MODULES = YES;
				CODE_SIGN_STYLE = Automatic;
				COMBINE_HIDPI_IMAGES = YES;
				DEFINES_MODULE = YES;
				DEVELOPMENT_TEAM = 2NP7EFFGEA;
				DYLIB_COMPATIBILITY_VERSION = 1;
				DYLIB_CURRENT_VERSION = 1;
				DYLIB_INSTALL_NAME_BASE = "@rpath";
				INFOPLIST_FILE = Domain/Info.plist;
				INSTALL_PATH = "$(LOCAL_LIBRARY_DIR)/Frameworks";
				LD_RUNPATH_SEARCH_PATHS = (
					"$(inherited)",
					"@executable_path/../Frameworks",
					"@loader_path/Frameworks",
				);
				PRODUCT_BUNDLE_IDENTIFIER = br.com.thiago.Domain;
				PRODUCT_NAME = "$(TARGET_NAME:c99extidentifier)";
				SKIP_INSTALL = YES;
				SUPPORTED_PLATFORMS = "iphonesimulator iphoneos";
				SWIFT_VERSION = 5.0;
			};
			name = Release;
		};
		8370C0D926F111D8005FFBFC /* Debug */ = {
			isa = XCBuildConfiguration;
			buildSettings = {
				CLANG_ENABLE_MODULES = YES;
				CODE_SIGN_STYLE = Automatic;
				COMBINE_HIDPI_IMAGES = YES;
				DEFINES_MODULE = YES;
				DEVELOPMENT_TEAM = 2NP7EFFGEA;
				DYLIB_COMPATIBILITY_VERSION = 1;
				DYLIB_CURRENT_VERSION = 1;
				DYLIB_INSTALL_NAME_BASE = "@rpath";
				INFOPLIST_FILE = Infra/Info.plist;
				INSTALL_PATH = "$(LOCAL_LIBRARY_DIR)/Frameworks";
				LD_RUNPATH_SEARCH_PATHS = (
					"$(inherited)",
					"@executable_path/../Frameworks",
					"@loader_path/Frameworks",
				);
				PRODUCT_BUNDLE_IDENTIFIER = br.com.thiago.Infra;
				PRODUCT_NAME = "$(TARGET_NAME:c99extidentifier)";
				SKIP_INSTALL = YES;
				SUPPORTED_PLATFORMS = "iphonesimulator iphoneos";
				SWIFT_OPTIMIZATION_LEVEL = "-Onone";
				SWIFT_VERSION = 5.0;
			};
			name = Debug;
		};
		8370C0DA26F111D8005FFBFC /* Release */ = {
			isa = XCBuildConfiguration;
			buildSettings = {
				CLANG_ENABLE_MODULES = YES;
				CODE_SIGN_STYLE = Automatic;
				COMBINE_HIDPI_IMAGES = YES;
				DEFINES_MODULE = YES;
				DEVELOPMENT_TEAM = 2NP7EFFGEA;
				DYLIB_COMPATIBILITY_VERSION = 1;
				DYLIB_CURRENT_VERSION = 1;
				DYLIB_INSTALL_NAME_BASE = "@rpath";
				INFOPLIST_FILE = Infra/Info.plist;
				INSTALL_PATH = "$(LOCAL_LIBRARY_DIR)/Frameworks";
				LD_RUNPATH_SEARCH_PATHS = (
					"$(inherited)",
					"@executable_path/../Frameworks",
					"@loader_path/Frameworks",
				);
				PRODUCT_BUNDLE_IDENTIFIER = br.com.thiago.Infra;
				PRODUCT_NAME = "$(TARGET_NAME:c99extidentifier)";
				SKIP_INSTALL = YES;
				SUPPORTED_PLATFORMS = "iphonesimulator iphoneos";
				SWIFT_VERSION = 5.0;
			};
			name = Release;
		};
		8370C0DC26F111D8005FFBFC /* Debug */ = {
			isa = XCBuildConfiguration;
			buildSettings = {
				ALWAYS_EMBED_SWIFT_STANDARD_LIBRARIES = YES;
				CLANG_ENABLE_MODULES = YES;
				CODE_SIGN_STYLE = Automatic;
				COMBINE_HIDPI_IMAGES = YES;
				DEVELOPMENT_TEAM = 2NP7EFFGEA;
				INFOPLIST_FILE = InfraTests/Info.plist;
				LD_RUNPATH_SEARCH_PATHS = (
					"$(inherited)",
					"@executable_path/../Frameworks",
					"@loader_path/../Frameworks",
				);
				PRODUCT_BUNDLE_IDENTIFIER = br.com.thiago.InfraTests;
				PRODUCT_NAME = "$(TARGET_NAME)";
				SUPPORTED_PLATFORMS = "iphonesimulator iphoneos";
				SWIFT_OPTIMIZATION_LEVEL = "-Onone";
				SWIFT_VERSION = 5.0;
			};
			name = Debug;
		};
		8370C0DD26F111D8005FFBFC /* Release */ = {
			isa = XCBuildConfiguration;
			buildSettings = {
				ALWAYS_EMBED_SWIFT_STANDARD_LIBRARIES = YES;
				CLANG_ENABLE_MODULES = YES;
				CODE_SIGN_STYLE = Automatic;
				COMBINE_HIDPI_IMAGES = YES;
				DEVELOPMENT_TEAM = 2NP7EFFGEA;
				INFOPLIST_FILE = InfraTests/Info.plist;
				LD_RUNPATH_SEARCH_PATHS = (
					"$(inherited)",
					"@executable_path/../Frameworks",
					"@loader_path/../Frameworks",
				);
				PRODUCT_BUNDLE_IDENTIFIER = br.com.thiago.InfraTests;
				PRODUCT_NAME = "$(TARGET_NAME)";
				SUPPORTED_PLATFORMS = "iphonesimulator iphoneos";
				SWIFT_VERSION = 5.0;
			};
			name = Release;
		};
/* End XCBuildConfiguration section */

/* Begin XCConfigurationList section */
		83019C9826F80003005880B7 /* Build configuration list for PBXNativeTarget "Main" */ = {
			isa = XCConfigurationList;
			buildConfigurations = (
				83019C9926F80003005880B7 /* Debug */,
				83019C9A26F80003005880B7 /* Release */,
			);
			defaultConfigurationIsVisible = 0;
			defaultConfigurationName = Release;
		};
		83019C9B26F80003005880B7 /* Build configuration list for PBXNativeTarget "MainTests" */ = {
			isa = XCConfigurationList;
			buildConfigurations = (
				83019C9C26F80003005880B7 /* Debug */,
				83019C9D26F80003005880B7 /* Release */,
			);
			defaultConfigurationIsVisible = 0;
			defaultConfigurationName = Release;
		};
		83481DA826F55E4D00DC2EC0 /* Build configuration list for PBXNativeTarget "IntegrationTests" */ = {
			isa = XCConfigurationList;
			buildConfigurations = (
				83481DA626F55E4D00DC2EC0 /* Debug */,
				83481DA726F55E4D00DC2EC0 /* Release */,
			);
			defaultConfigurationIsVisible = 0;
			defaultConfigurationName = Release;
		};
		83481DF526F5756800DC2EC0 /* Build configuration list for PBXNativeTarget "Presentation" */ = {
			isa = XCConfigurationList;
			buildConfigurations = (
				83481DF626F5756800DC2EC0 /* Debug */,
				83481DF726F5756800DC2EC0 /* Release */,
			);
			defaultConfigurationIsVisible = 0;
			defaultConfigurationName = Release;
		};
		83481DF826F5756800DC2EC0 /* Build configuration list for PBXNativeTarget "PresentationTests" */ = {
			isa = XCConfigurationList;
			buildConfigurations = (
				83481DF926F5756800DC2EC0 /* Debug */,
				83481DFA26F5756800DC2EC0 /* Release */,
			);
			defaultConfigurationIsVisible = 0;
			defaultConfigurationName = Release;
		};
		83481E2F26F5987A00DC2EC0 /* Build configuration list for PBXNativeTarget "UI" */ = {
			isa = XCConfigurationList;
			buildConfigurations = (
				83481E3026F5987A00DC2EC0 /* Debug */,
				83481E3126F5987A00DC2EC0 /* Release */,
			);
			defaultConfigurationIsVisible = 0;
			defaultConfigurationName = Release;
		};
		83481E3226F5987A00DC2EC0 /* Build configuration list for PBXNativeTarget "UITests" */ = {
			isa = XCConfigurationList;
			buildConfigurations = (
				83481E3326F5987A00DC2EC0 /* Debug */,
				83481E3426F5987A00DC2EC0 /* Release */,
			);
			defaultConfigurationIsVisible = 0;
			defaultConfigurationName = Release;
		};
		8370C04126F10E7C005FFBFC /* Build configuration list for PBXProject "server-driven-ui-ios" */ = {
			isa = XCConfigurationList;
			buildConfigurations = (
				8370C05926F10E7D005FFBFC /* Debug */,
				8370C05A26F10E7D005FFBFC /* Release */,
			);
			defaultConfigurationIsVisible = 0;
			defaultConfigurationName = Release;
		};
		8370C09326F10EF4005FFBFC /* Build configuration list for PBXNativeTarget "Data" */ = {
			isa = XCConfigurationList;
			buildConfigurations = (
				8370C09426F10EF4005FFBFC /* Debug */,
				8370C09526F10EF4005FFBFC /* Release */,
			);
			defaultConfigurationIsVisible = 0;
			defaultConfigurationName = Release;
		};
		8370C09626F10EF4005FFBFC /* Build configuration list for PBXNativeTarget "DataTests" */ = {
			isa = XCConfigurationList;
			buildConfigurations = (
				8370C09726F10EF4005FFBFC /* Debug */,
				8370C09826F10EF4005FFBFC /* Release */,
			);
			defaultConfigurationIsVisible = 0;
			defaultConfigurationName = Release;
		};
		8370C0B526F10F59005FFBFC /* Build configuration list for PBXNativeTarget "Domain" */ = {
			isa = XCConfigurationList;
			buildConfigurations = (
				8370C0B626F10F59005FFBFC /* Debug */,
				8370C0B726F10F59005FFBFC /* Release */,
			);
			defaultConfigurationIsVisible = 0;
			defaultConfigurationName = Release;
		};
		8370C0D826F111D8005FFBFC /* Build configuration list for PBXNativeTarget "Infra" */ = {
			isa = XCConfigurationList;
			buildConfigurations = (
				8370C0D926F111D8005FFBFC /* Debug */,
				8370C0DA26F111D8005FFBFC /* Release */,
			);
			defaultConfigurationIsVisible = 0;
			defaultConfigurationName = Release;
		};
		8370C0DB26F111D8005FFBFC /* Build configuration list for PBXNativeTarget "InfraTests" */ = {
			isa = XCConfigurationList;
			buildConfigurations = (
				8370C0DC26F111D8005FFBFC /* Debug */,
				8370C0DD26F111D8005FFBFC /* Release */,
			);
			defaultConfigurationIsVisible = 0;
			defaultConfigurationName = Release;
		};
/* End XCConfigurationList section */

/* Begin XCRemoteSwiftPackageReference section */
		8370C10326F1146A005FFBFC /* XCRemoteSwiftPackageReference "Fakery" */ = {
			isa = XCRemoteSwiftPackageReference;
			repositoryURL = "https://github.com/vadymmarkov/Fakery.git";
			requirement = {
				kind = upToNextMajorVersion;
				minimumVersion = 5.1.0;
			};
		};
		8370C11D26F117A2005FFBFC /* XCRemoteSwiftPackageReference "Alamofire" */ = {
			isa = XCRemoteSwiftPackageReference;
			repositoryURL = "https://github.com/Alamofire/Alamofire";
			requirement = {
				kind = upToNextMajorVersion;
				minimumVersion = 5.4.3;
			};
		};
/* End XCRemoteSwiftPackageReference section */

/* Begin XCSwiftPackageProductDependency section */
		8370C10426F1146A005FFBFC /* Fakery */ = {
			isa = XCSwiftPackageProductDependency;
			package = 8370C10326F1146A005FFBFC /* XCRemoteSwiftPackageReference "Fakery" */;
			productName = Fakery;
		};
		8370C11E26F117A2005FFBFC /* Alamofire */ = {
			isa = XCSwiftPackageProductDependency;
			package = 8370C11D26F117A2005FFBFC /* XCRemoteSwiftPackageReference "Alamofire" */;
			productName = Alamofire;
		};
		8370C12626F119AB005FFBFC /* Fakery */ = {
			isa = XCSwiftPackageProductDependency;
			package = 8370C10326F1146A005FFBFC /* XCRemoteSwiftPackageReference "Fakery" */;
			productName = Fakery;
		};
/* End XCSwiftPackageProductDependency section */
	};
	rootObject = 8370C03E26F10E7C005FFBFC /* Project object */;
}
